
Microsoft Visual Studio Solution File, Format Version 12.00
# Visual Studio Version 16
VisualStudioVersion = 16.0.30803.129
MinimumVisualStudioVersion = 10.0.40219.1
Project("{9A19103F-16F7-4668-BE54-9A1E7A4F7556}") = "ARCH.Domain", "ARCH.Domain\ARCH.Domain.csproj", "{ADFE3F69-3EB0-4FE2-A7BC-93C968C86CA3}"
EndProject
Project("{2150E333-8FDC-42A3-9474-1A3956D46DE8}") = "Domain", "Domain", "{BFA9ACC6-14B3-4D92-960B-7C8625ED465D}"
EndProject
Project("{2150E333-8FDC-42A3-9474-1A3956D46DE8}") = "Services", "Services", "{D90411BC-1D2D-41A6-B80A-5FC142D4308E}"
EndProject
Project("{9A19103F-16F7-4668-BE54-9A1E7A4F7556}") = "ARCH.InvoiceService", "ARCH.InvoiceService\ARCH.InvoiceService.csproj", "{9733D601-5F74-4D77-8A4A-069DD76A14A6}"
EndProject
Project("{9A19103F-16F7-4668-BE54-9A1E7A4F7556}") = "ARCH.Repositories", "ARCH.Repositories\ARCH.Repositories.csproj", "{FBCAECEE-7F82-4A8D-8EA8-418C721AB1E3}"
EndProject
Project("{2150E333-8FDC-42A3-9474-1A3956D46DE8}") = "_UseCases", "_UseCases", "{5F551B50-E9C4-4D5C-AEC3-30EAB134C9F0}"
EndProject
Project("{9A19103F-16F7-4668-BE54-9A1E7A4F7556}") = "ARCH.UseCase.CreateInvoice", "ARCH.UseCase.CreateInvoice\ARCH.UseCase.CreateInvoice.csproj", "{0F19B060-E17E-47A5-BDEC-25985F30C3A2}"
EndProject
Project("{9A19103F-16F7-4668-BE54-9A1E7A4F7556}") = "ARCH.Microservice001.WebAPI", "ARCH.Microservice001.WebAPI\ARCH.Microservice001.WebAPI.csproj", "{A71B0E3B-1D38-4A39-84A0-6F84C4ADA36E}"
EndProject
Project("{2150E333-8FDC-42A3-9474-1A3956D46DE8}") = "WebAPIs", "WebAPIs", "{FAA34A94-2821-4AC0-8611-904A76242922}"
EndProject
Project("{9A19103F-16F7-4668-BE54-9A1E7A4F7556}") = "ARCH.DomainFramework", "ARCH.DomainFramework\ARCH.DomainFramework.csproj", "{39A9CAF9-AEDD-4BDC-B8C3-E9BF48BCB1A4}"
EndProject
Project("{2150E333-8FDC-42A3-9474-1A3956D46DE8}") = "_Framework", "_Framework", "{F3D561D2-90F3-41DA-93F8-5F8D97D684A0}"
EndProject
Project("{2150E333-8FDC-42A3-9474-1A3956D46DE8}") = "Solution Items", "Solution Items", "{B99091AF-30F9-46CB-891F-6AAEBFB78AE7}"
EndProject
Project("{2150E333-8FDC-42A3-9474-1A3956D46DE8}") = "Infra", "Infra", "{81E0C376-6424-4E66-A5D5-46372C187C07}"
EndProject
Project("{9A19103F-16F7-4668-BE54-9A1E7A4F7556}") = "ARCH.ServiceLocator", "ARCH.ServiceLocator\ARCH.ServiceLocator.csproj", "{F655FF99-D34D-4876-81C6-4D84E27A8BB3}"
EndProject
Project("{9A19103F-16F7-4668-BE54-9A1E7A4F7556}") = "ARCH.POC.Polly", "ARCH.POC.Polly\ARCH.POC.Polly.csproj", "{F6A02FC3-BFD3-4EE3-8C81-D3818D657B45}"
EndProject
Project("{2150E333-8FDC-42A3-9474-1A3956D46DE8}") = "BFF", "BFF", "{3E0609DA-AB94-45F8-BBB7-CD97945370B6}"
EndProject
Project("{9A19103F-16F7-4668-BE54-9A1E7A4F7556}") = "ARCH.BFF.ForMobileApp1", "ARCH.BFF.ForMobileApp1\ARCH.BFF.ForMobileApp1.csproj", "{178C784D-BB57-4864-BF8B-47625B9F88D7}"
EndProject
Project("{9A19103F-16F7-4668-BE54-9A1E7A4F7556}") = "ARCH.Microservice001.DTOs", "ARCH.Microservice001.DTOs\ARCH.Microservice001.DTOs.csproj", "{478262D2-A64D-4863-83E1-1DAC0E98DB25}"
EndProject
Project("{9A19103F-16F7-4668-BE54-9A1E7A4F7556}") = "ARCH.ApiGateway", "ARCH.ApiGateway\ARCH.ApiGateway.csproj", "{5652AF28-E6EF-4718-A9AC-2946D41DC1B1}"
EndProject
Project("{2150E333-8FDC-42A3-9474-1A3956D46DE8}") = "_Pocs", "_Pocs", "{4FDB4173-0E95-4E08-8A71-F875668C5C20}"
EndProject
Project("{2150E333-8FDC-42A3-9474-1A3956D46DE8}") = "ApiGateway", "ApiGateway", "{D32E20F4-553E-46A3-BE93-08CC1592830B}"
EndProject
Project("{2150E333-8FDC-42A3-9474-1A3956D46DE8}") = "MessageBus", "MessageBus", "{0F1EB41A-506E-45D6-9EED-DA1A8988895E}"
EndProject
Project("{9A19103F-16F7-4668-BE54-9A1E7A4F7556}") = "MyReseach.QueueListener", "MyReseach.QueueListener\MyReseach.QueueListener.csproj", "{AB10DDB7-BF3D-40FB-B3A2-215848EBB96F}"
EndProject
Project("{FAE04EC0-301F-11D3-BF4B-00C04F79EFBC}") = "MyResearch.Messaging.Demo", "MyResearch.Messaging.Demo\MyResearch.Messaging.Demo.csproj", "{1DC24594-A0EC-4470-A188-CEEFCF2CF9AB}"
EndProject
Project("{2150E333-8FDC-42A3-9474-1A3956D46DE8}") = "IDSRV", "IDSRV", "{56A8ECF3-DF76-45CD-AA2C-C5E2B87B257E}"
EndProject
Project("{9A19103F-16F7-4668-BE54-9A1E7A4F7556}") = "SBMCourse.IDSRV", "SBMCourse.IDSRV\SBMCourse.IDSRV.csproj", "{88CF938D-5F19-4556-ACEE-0948FC2745FA}"
EndProject
Project("{2150E333-8FDC-42A3-9474-1A3956D46DE8}") = "Clients", "Clients", "{93AB699D-F092-4EBF-9C22-4B79596A9B7B}"
EndProject
Project("{2150E333-8FDC-42A3-9474-1A3956D46DE8}") = "SPA", "SPA", "{02222C6E-C0CF-4DB2-B027-4533B791FE21}"
EndProject
Project("{2150E333-8FDC-42A3-9474-1A3956D46DE8}") = "ServerSide", "ServerSide", "{2E53620C-62C3-4496-86CA-A506E424D86C}"
EndProject
Project("{2150E333-8FDC-42A3-9474-1A3956D46DE8}") = "Mobile", "Mobile", "{FB0F4CEE-A0B5-44D7-ACB6-1CA25B3F9B31}"
EndProject
Project("{2150E333-8FDC-42A3-9474-1A3956D46DE8}") = "_Shared", "_Shared", "{9977E7C7-231C-4E59-949E-70EA7C08CF01}"
EndProject
Project("{FAE04EC0-301F-11D3-BF4B-00C04F79EFBC}") = "ARCH.Client.Blazor.WASM", "ARCH.Client.Blazor.WASM\ARCH.Client.Blazor.WASM.csproj", "{FDB152A8-4216-41EA-BA45-8C51B47FC5FF}"
EndProject
Project("{FAE04EC0-301F-11D3-BF4B-00C04F79EFBC}") = "ARCH.Clients.Blazor.ServerSide", "ARCH.Clients.Blazor.ServerSide\ARCH.Clients.Blazor.ServerSide.csproj", "{1B92772B-BCB1-466C-AC47-A73D34DB9010}"
EndProject
Global
	GlobalSection(SolutionConfigurationPlatforms) = preSolution
		Debug|Any CPU = Debug|Any CPU
		Release|Any CPU = Release|Any CPU
	EndGlobalSection
	GlobalSection(ProjectConfigurationPlatforms) = postSolution
		{ADFE3F69-3EB0-4FE2-A7BC-93C968C86CA3}.Debug|Any CPU.ActiveCfg = Debug|Any CPU
		{ADFE3F69-3EB0-4FE2-A7BC-93C968C86CA3}.Debug|Any CPU.Build.0 = Debug|Any CPU
		{ADFE3F69-3EB0-4FE2-A7BC-93C968C86CA3}.Release|Any CPU.ActiveCfg = Release|Any CPU
		{ADFE3F69-3EB0-4FE2-A7BC-93C968C86CA3}.Release|Any CPU.Build.0 = Release|Any CPU
		{9733D601-5F74-4D77-8A4A-069DD76A14A6}.Debug|Any CPU.ActiveCfg = Debug|Any CPU
		{9733D601-5F74-4D77-8A4A-069DD76A14A6}.Debug|Any CPU.Build.0 = Debug|Any CPU
		{9733D601-5F74-4D77-8A4A-069DD76A14A6}.Release|Any CPU.ActiveCfg = Release|Any CPU
		{9733D601-5F74-4D77-8A4A-069DD76A14A6}.Release|Any CPU.Build.0 = Release|Any CPU
		{FBCAECEE-7F82-4A8D-8EA8-418C721AB1E3}.Debug|Any CPU.ActiveCfg = Debug|Any CPU
		{FBCAECEE-7F82-4A8D-8EA8-418C721AB1E3}.Debug|Any CPU.Build.0 = Debug|Any CPU
		{FBCAECEE-7F82-4A8D-8EA8-418C721AB1E3}.Release|Any CPU.ActiveCfg = Release|Any CPU
		{FBCAECEE-7F82-4A8D-8EA8-418C721AB1E3}.Release|Any CPU.Build.0 = Release|Any CPU
		{0F19B060-E17E-47A5-BDEC-25985F30C3A2}.Debug|Any CPU.ActiveCfg = Debug|Any CPU
		{0F19B060-E17E-47A5-BDEC-25985F30C3A2}.Debug|Any CPU.Build.0 = Debug|Any CPU
		{0F19B060-E17E-47A5-BDEC-25985F30C3A2}.Release|Any CPU.ActiveCfg = Release|Any CPU
		{0F19B060-E17E-47A5-BDEC-25985F30C3A2}.Release|Any CPU.Build.0 = Release|Any CPU
		{A71B0E3B-1D38-4A39-84A0-6F84C4ADA36E}.Debug|Any CPU.ActiveCfg = Debug|Any CPU
		{A71B0E3B-1D38-4A39-84A0-6F84C4ADA36E}.Debug|Any CPU.Build.0 = Debug|Any CPU
		{A71B0E3B-1D38-4A39-84A0-6F84C4ADA36E}.Release|Any CPU.ActiveCfg = Release|Any CPU
		{A71B0E3B-1D38-4A39-84A0-6F84C4ADA36E}.Release|Any CPU.Build.0 = Release|Any CPU
		{39A9CAF9-AEDD-4BDC-B8C3-E9BF48BCB1A4}.Debug|Any CPU.ActiveCfg = Debug|Any CPU
		{39A9CAF9-AEDD-4BDC-B8C3-E9BF48BCB1A4}.Debug|Any CPU.Build.0 = Debug|Any CPU
		{39A9CAF9-AEDD-4BDC-B8C3-E9BF48BCB1A4}.Release|Any CPU.ActiveCfg = Release|Any CPU
		{39A9CAF9-AEDD-4BDC-B8C3-E9BF48BCB1A4}.Release|Any CPU.Build.0 = Release|Any CPU
		{F655FF99-D34D-4876-81C6-4D84E27A8BB3}.Debug|Any CPU.ActiveCfg = Debug|Any CPU
		{F655FF99-D34D-4876-81C6-4D84E27A8BB3}.Debug|Any CPU.Build.0 = Debug|Any CPU
		{F655FF99-D34D-4876-81C6-4D84E27A8BB3}.Release|Any CPU.ActiveCfg = Release|Any CPU
		{F655FF99-D34D-4876-81C6-4D84E27A8BB3}.Release|Any CPU.Build.0 = Release|Any CPU
		{F6A02FC3-BFD3-4EE3-8C81-D3818D657B45}.Debug|Any CPU.ActiveCfg = Debug|Any CPU
		{F6A02FC3-BFD3-4EE3-8C81-D3818D657B45}.Debug|Any CPU.Build.0 = Debug|Any CPU
		{F6A02FC3-BFD3-4EE3-8C81-D3818D657B45}.Release|Any CPU.ActiveCfg = Release|Any CPU
		{F6A02FC3-BFD3-4EE3-8C81-D3818D657B45}.Release|Any CPU.Build.0 = Release|Any CPU
		{178C784D-BB57-4864-BF8B-47625B9F88D7}.Debug|Any CPU.ActiveCfg = Debug|Any CPU
		{178C784D-BB57-4864-BF8B-47625B9F88D7}.Debug|Any CPU.Build.0 = Debug|Any CPU
		{178C784D-BB57-4864-BF8B-47625B9F88D7}.Release|Any CPU.ActiveCfg = Release|Any CPU
		{178C784D-BB57-4864-BF8B-47625B9F88D7}.Release|Any CPU.Build.0 = Release|Any CPU
		{478262D2-A64D-4863-83E1-1DAC0E98DB25}.Debug|Any CPU.ActiveCfg = Debug|Any CPU
		{478262D2-A64D-4863-83E1-1DAC0E98DB25}.Debug|Any CPU.Build.0 = Debug|Any CPU
		{478262D2-A64D-4863-83E1-1DAC0E98DB25}.Release|Any CPU.ActiveCfg = Release|Any CPU
		{478262D2-A64D-4863-83E1-1DAC0E98DB25}.Release|Any CPU.Build.0 = Release|Any CPU
		{5652AF28-E6EF-4718-A9AC-2946D41DC1B1}.Debug|Any CPU.ActiveCfg = Debug|Any CPU
		{5652AF28-E6EF-4718-A9AC-2946D41DC1B1}.Debug|Any CPU.Build.0 = Debug|Any CPU
		{5652AF28-E6EF-4718-A9AC-2946D41DC1B1}.Release|Any CPU.ActiveCfg = Release|Any CPU
		{5652AF28-E6EF-4718-A9AC-2946D41DC1B1}.Release|Any CPU.Build.0 = Release|Any CPU
		{AB10DDB7-BF3D-40FB-B3A2-215848EBB96F}.Debug|Any CPU.ActiveCfg = Debug|Any CPU
		{AB10DDB7-BF3D-40FB-B3A2-215848EBB96F}.Debug|Any CPU.Build.0 = Debug|Any CPU
		{AB10DDB7-BF3D-40FB-B3A2-215848EBB96F}.Release|Any CPU.ActiveCfg = Release|Any CPU
		{AB10DDB7-BF3D-40FB-B3A2-215848EBB96F}.Release|Any CPU.Build.0 = Release|Any CPU
		{1DC24594-A0EC-4470-A188-CEEFCF2CF9AB}.Debug|Any CPU.ActiveCfg = Debug|Any CPU
		{1DC24594-A0EC-4470-A188-CEEFCF2CF9AB}.Debug|Any CPU.Build.0 = Debug|Any CPU
		{1DC24594-A0EC-4470-A188-CEEFCF2CF9AB}.Release|Any CPU.ActiveCfg = Release|Any CPU
		{1DC24594-A0EC-4470-A188-CEEFCF2CF9AB}.Release|Any CPU.Build.0 = Release|Any CPU
		{88CF938D-5F19-4556-ACEE-0948FC2745FA}.Debug|Any CPU.ActiveCfg = Debug|Any CPU
		{88CF938D-5F19-4556-ACEE-0948FC2745FA}.Debug|Any CPU.Build.0 = Debug|Any CPU
		{88CF938D-5F19-4556-ACEE-0948FC2745FA}.Release|Any CPU.ActiveCfg = Release|Any CPU
		{88CF938D-5F19-4556-ACEE-0948FC2745FA}.Release|Any CPU.Build.0 = Release|Any CPU
		{FDB152A8-4216-41EA-BA45-8C51B47FC5FF}.Debug|Any CPU.ActiveCfg = Debug|Any CPU
		{FDB152A8-4216-41EA-BA45-8C51B47FC5FF}.Debug|Any CPU.Build.0 = Debug|Any CPU
		{FDB152A8-4216-41EA-BA45-8C51B47FC5FF}.Release|Any CPU.ActiveCfg = Release|Any CPU
		{FDB152A8-4216-41EA-BA45-8C51B47FC5FF}.Release|Any CPU.Build.0 = Release|Any CPU
		{1B92772B-BCB1-466C-AC47-A73D34DB9010}.Debug|Any CPU.ActiveCfg = Debug|Any CPU
		{1B92772B-BCB1-466C-AC47-A73D34DB9010}.Debug|Any CPU.Build.0 = Debug|Any CPU
		{1B92772B-BCB1-466C-AC47-A73D34DB9010}.Release|Any CPU.ActiveCfg = Release|Any CPU
		{1B92772B-BCB1-466C-AC47-A73D34DB9010}.Release|Any CPU.Build.0 = Release|Any CPU
	EndGlobalSection
	GlobalSection(SolutionProperties) = preSolution
		HideSolutionNode = FALSE
	EndGlobalSection
	GlobalSection(NestedProjects) = preSolution
		{ADFE3F69-3EB0-4FE2-A7BC-93C968C86CA3} = {BFA9ACC6-14B3-4D92-960B-7C8625ED465D}
		{9733D601-5F74-4D77-8A4A-069DD76A14A6} = {D90411BC-1D2D-41A6-B80A-5FC142D4308E}
		{FBCAECEE-7F82-4A8D-8EA8-418C721AB1E3} = {BFA9ACC6-14B3-4D92-960B-7C8625ED465D}
		{0F19B060-E17E-47A5-BDEC-25985F30C3A2} = {5F551B50-E9C4-4D5C-AEC3-30EAB134C9F0}
		{A71B0E3B-1D38-4A39-84A0-6F84C4ADA36E} = {FAA34A94-2821-4AC0-8611-904A76242922}
		{39A9CAF9-AEDD-4BDC-B8C3-E9BF48BCB1A4} = {F3D561D2-90F3-41DA-93F8-5F8D97D684A0}
		{F655FF99-D34D-4876-81C6-4D84E27A8BB3} = {81E0C376-6424-4E66-A5D5-46372C187C07}
		{F6A02FC3-BFD3-4EE3-8C81-D3818D657B45} = {4FDB4173-0E95-4E08-8A71-F875668C5C20}
		{178C784D-BB57-4864-BF8B-47625B9F88D7} = {3E0609DA-AB94-45F8-BBB7-CD97945370B6}
		{478262D2-A64D-4863-83E1-1DAC0E98DB25} = {FAA34A94-2821-4AC0-8611-904A76242922}
		{5652AF28-E6EF-4718-A9AC-2946D41DC1B1} = {D32E20F4-553E-46A3-BE93-08CC1592830B}
		{AB10DDB7-BF3D-40FB-B3A2-215848EBB96F} = {0F1EB41A-506E-45D6-9EED-DA1A8988895E}
		{1DC24594-A0EC-4470-A188-CEEFCF2CF9AB} = {0F1EB41A-506E-45D6-9EED-DA1A8988895E}
		{88CF938D-5F19-4556-ACEE-0948FC2745FA} = {56A8ECF3-DF76-45CD-AA2C-C5E2B87B257E}
		{02222C6E-C0CF-4DB2-B027-4533B791FE21} = {93AB699D-F092-4EBF-9C22-4B79596A9B7B}
		{2E53620C-62C3-4496-86CA-A506E424D86C} = {93AB699D-F092-4EBF-9C22-4B79596A9B7B}
		{FB0F4CEE-A0B5-44D7-ACB6-1CA25B3F9B31} = {93AB699D-F092-4EBF-9C22-4B79596A9B7B}
		{9977E7C7-231C-4E59-949E-70EA7C08CF01} = {93AB699D-F092-4EBF-9C22-4B79596A9B7B}
		{FDB152A8-4216-41EA-BA45-8C51B47FC5FF} = {02222C6E-C0CF-4DB2-B027-4533B791FE21}
		{1B92772B-BCB1-466C-AC47-A73D34DB9010} = {2E53620C-62C3-4496-86CA-A506E424D86C}
	EndGlobalSection
	GlobalSection(ExtensibilityGlobals) = postSolution
		SolutionGuid = {949A4088-5486-4A6A-95EE-BE36B513948A}
	EndGlobalSection
EndGlobal
