
Microsoft Visual Studio Solution File, Format Version 12.00
# Visual Studio Version 16
VisualStudioVersion = 16.0.30803.129
MinimumVisualStudioVersion = 10.0.40219.1
Project("{9A19103F-16F7-4668-BE54-9A1E7A4F7556}") = "ARCH.Domain", "ARCH.Domain\ARCH.Domain.csproj", "{ADFE3F69-3EB0-4FE2-A7BC-93C968C86CA3}"
EndProject
Project("{2150E333-8FDC-42A3-9474-1A3956D46DE8}") = "Domain", "Domain", "{BFA9ACC6-14B3-4D92-960B-7C8625ED465D}"
EndProject
Project("{2150E333-8FDC-42A3-9474-1A3956D46DE8}") = "Services", "Services", "{D90411BC-1D2D-41A6-B80A-5FC142D4308E}"
EndProject
Project("{9A19103F-16F7-4668-BE54-9A1E7A4F7556}") = "ARCH.InvoiceService", "ARCH.InvoiceService\ARCH.InvoiceService.csproj", "{9733D601-5F74-4D77-8A4A-069DD76A14A6}"
EndProject
Project("{9A19103F-16F7-4668-BE54-9A1E7A4F7556}") = "ARCH.Repositories", "ARCH.Repositories\ARCH.Repositories.csproj", "{FBCAECEE-7F82-4A8D-8EA8-418C721AB1E3}"
EndProject
Project("{2150E333-8FDC-42A3-9474-1A3956D46DE8}") = "_UseCases", "_UseCases", "{5F551B50-E9C4-4D5C-AEC3-30EAB134C9F0}"
EndProject
Project("{9A19103F-16F7-4668-BE54-9A1E7A4F7556}") = "ARCH.UseCase.CreateInvoice", "ARCH.UseCase.CreateInvoice\ARCH.UseCase.CreateInvoice.csproj", "{0F19B060-E17E-47A5-BDEC-25985F30C3A2}"
EndProject
Project("{9A19103F-16F7-4668-BE54-9A1E7A4F7556}") = "ARCH.Microservice001.WebAPI", "ARCH.Microservice001.WebAPI\ARCH.Microservice001.WebAPI.csproj", "{A71B0E3B-1D38-4A39-84A0-6F84C4ADA36E}"
EndProject
Project("{2150E333-8FDC-42A3-9474-1A3956D46DE8}") = "WebAPIs", "WebAPIs", "{FAA34A94-2821-4AC0-8611-904A76242922}"
EndProject
Project("{9A19103F-16F7-4668-BE54-9A1E7A4F7556}") = "ARCH.DomainFramework", "ARCH.DomainFramework\ARCH.DomainFramework.csproj", "{39A9CAF9-AEDD-4BDC-B8C3-E9BF48BCB1A4}"
EndProject
Project("{2150E333-8FDC-42A3-9474-1A3956D46DE8}") = "_Framework", "_Framework", "{F3D561D2-90F3-41DA-93F8-5F8D97D684A0}"
EndProject
Project("{2150E333-8FDC-42A3-9474-1A3956D46DE8}") = "Solution Items", "Solution Items", "{B99091AF-30F9-46CB-891F-6AAEBFB78AE7}"
EndProject
Project("{2150E333-8FDC-42A3-9474-1A3956D46DE8}") = "Infra", "Infra", "{81E0C376-6424-4E66-A5D5-46372C187C07}"
EndProject
Project("{9A19103F-16F7-4668-BE54-9A1E7A4F7556}") = "ARCH.ServiceLocator", "ARCH.ServiceLocator\ARCH.ServiceLocator.csproj", "{F655FF99-D34D-4876-81C6-4D84E27A8BB3}"
EndProject
Project("{9A19103F-16F7-4668-BE54-9A1E7A4F7556}") = "ARCH.POC.Polly", "ARCH.POC.Polly\ARCH.POC.Polly.csproj", "{F6A02FC3-BFD3-4EE3-8C81-D3818D657B45}"
EndProject
Project("{2150E333-8FDC-42A3-9474-1A3956D46DE8}") = "BFF", "BFF", "{3E0609DA-AB94-45F8-BBB7-CD97945370B6}"
EndProject
Project("{9A19103F-16F7-4668-BE54-9A1E7A4F7556}") = "ARCH.BFF.ForMobileApp1", "ARCH.BFF.ForMobileApp1\ARCH.BFF.ForMobileApp1.csproj", "{178C784D-BB57-4864-BF8B-47625B9F88D7}"
EndProject
Project("{9A19103F-16F7-4668-BE54-9A1E7A4F7556}") = "ARCH.Microservice001.DTOs", "ARCH.Microservice001.DTOs\ARCH.Microservice001.DTOs.csproj", "{478262D2-A64D-4863-83E1-1DAC0E98DB25}"
EndProject
Project("{9A19103F-16F7-4668-BE54-9A1E7A4F7556}") = "ARCH.ApiGateway", "ARCH.ApiGateway\ARCH.ApiGateway.csproj", "{5652AF28-E6EF-4718-A9AC-2946D41DC1B1}"
EndProject
Project("{2150E333-8FDC-42A3-9474-1A3956D46DE8}") = "_Pocs", "_Pocs", "{4FDB4173-0E95-4E08-8A71-F875668C5C20}"
EndProject
Project("{2150E333-8FDC-42A3-9474-1A3956D46DE8}") = "ApiGateway", "ApiGateway", "{D32E20F4-553E-46A3-BE93-08CC1592830B}"
EndProject
Project("{2150E333-8FDC-42A3-9474-1A3956D46DE8}") = "MessageBus", "MessageBus", "{0F1EB41A-506E-45D6-9EED-DA1A8988895E}"
EndProject
Project("{9A19103F-16F7-4668-BE54-9A1E7A4F7556}") = "MyReseach.QueueListener", "MyReseach.QueueListener\MyReseach.QueueListener.csproj", "{AB10DDB7-BF3D-40FB-B3A2-215848EBB96F}"
EndProject
Project("{FAE04EC0-301F-11D3-BF4B-00C04F79EFBC}") = "MyResearch.Messaging.Demo", "MyResearch.Messaging.Demo\MyResearch.Messaging.Demo.csproj", "{1DC24594-A0EC-4470-A188-CEEFCF2CF9AB}"
EndProject
Project("{2150E333-8FDC-42A3-9474-1A3956D46DE8}") = "IDSRV", "IDSRV", "{56A8ECF3-DF76-45CD-AA2C-C5E2B87B257E}"
EndProject
Project("{9A19103F-16F7-4668-BE54-9A1E7A4F7556}") = "SBMCourse.IDSRV", "SBMCourse.IDSRV\SBMCourse.IDSRV.csproj", "{88CF938D-5F19-4556-ACEE-0948FC2745FA}"
EndProject
Project("{2150E333-8FDC-42A3-9474-1A3956D46DE8}") = "Clients", "Clients", "{93AB699D-F092-4EBF-9C22-4B79596A9B7B}"
EndProject
Project("{2150E333-8FDC-42A3-9474-1A3956D46DE8}") = "SPA", "SPA", "{02222C6E-C0CF-4DB2-B027-4533B791FE21}"
EndProject
Project("{2150E333-8FDC-42A3-9474-1A3956D46DE8}") = "ServerSide", "ServerSide", "{2E53620C-62C3-4496-86CA-A506E424D86C}"
EndProject
Project("{2150E333-8FDC-42A3-9474-1A3956D46DE8}") = "Mobile", "Mobile", "{FB0F4CEE-A0B5-44D7-ACB6-1CA25B3F9B31}"
EndProject
Project("{2150E333-8FDC-42A3-9474-1A3956D46DE8}") = "Shared", "Shared", "{9977E7C7-231C-4E59-949E-70EA7C08CF01}"
EndProject
Project("{9A19103F-16F7-4668-BE54-9A1E7A4F7556}") = "ARCH.Client.Blazor.WASM", "ARCH.Client.Blazor.WASM\ARCH.Client.Blazor.WASM.csproj", "{FDB152A8-4216-41EA-BA45-8C51B47FC5FF}"
EndProject
Project("{9A19103F-16F7-4668-BE54-9A1E7A4F7556}") = "ARCH.Clients.Blazor.ServerSide", "ARCH.Clients.Blazor.ServerSide\ARCH.Clients.Blazor.ServerSide.csproj", "{1B92772B-BCB1-466C-AC47-A73D34DB9010}"
EndProject
Project("{FAE04EC0-301F-11D3-BF4B-00C04F79EFBC}") = "ARCH.Client.Mobile.UWP", "ARCH.Client.Mobile\ARCH.Client.Mobile.UWP\ARCH.Client.Mobile.UWP.csproj", "{B03766E3-BCE4-4DC9-AEB2-CBA3DA79BD09}"
EndProject
Project("{FAE04EC0-301F-11D3-BF4B-00C04F79EFBC}") = "ARCH.Client.Mobile.Android", "ARCH.Client.Mobile\ARCH.Client.Mobile.Android\ARCH.Client.Mobile.Android.csproj", "{27622FFA-919A-4A92-90F5-7430A8F20AE2}"
EndProject
Project("{FAE04EC0-301F-11D3-BF4B-00C04F79EFBC}") = "ARCH.Client.Mobile.iOS", "ARCH.Client.Mobile\ARCH.Client.Mobile.iOS\ARCH.Client.Mobile.iOS.csproj", "{6AA49611-8C4F-4D06-9AA6-4D554FC332AD}"
EndProject
Project("{9A19103F-16F7-4668-BE54-9A1E7A4F7556}") = "ARCH.Client.Mobile", "ARCH.Client.Mobile\ARCH.Client.Mobile\ARCH.Client.Mobile.csproj", "{EFC21368-40E7-4536-8143-D8F4F4FEF4C8}"
EndProject
Project("{FAE04EC0-301F-11D3-BF4B-00C04F79EFBC}") = "ARCH.Shared.APIContracts", "ARCH.Shared.APIContracts\ARCH.Shared.APIContracts.csproj", "{FC9B1176-C82E-43C1-A92E-ECE89D5F844A}"
EndProject
Project("{2150E333-8FDC-42A3-9474-1A3956D46DE8}") = "BFF", "BFF", "{96280A66-B9CA-4224-B4AE-B7169F0216A0}"
EndProject
Project("{FAE04EC0-301F-11D3-BF4B-00C04F79EFBC}") = "ARCH.Mobile.BFF", "ARCH.Mobile.BFF\ARCH.Mobile.BFF.csproj", "{E7CE1F0D-09E4-4795-BFC0-4A7F1AC2B2E9}"
EndProject
Project("{FAE04EC0-301F-11D3-BF4B-00C04F79EFBC}") = "ARCH.Client.Proxies", "ARCH.Client.Proxies\ARCH.Client.Proxies.csproj", "{6BBF222C-D106-49DB-83BF-278D05A76AA5}"
EndProject
Project("{FAE04EC0-301F-11D3-BF4B-00C04F79EFBC}") = "ARCH.Client.TestConsole", "ARCH.Client.TestConsole\ARCH.Client.TestConsole.csproj", "{3C2A8CB6-FDB9-4D45-85D5-8FDCCBA45DBD}"
EndProject
Global
	GlobalSection(SolutionConfigurationPlatforms) = preSolution
		Debug|Any CPU = Debug|Any CPU
		Debug|ARM = Debug|ARM
		Debug|iPhone = Debug|iPhone
		Debug|iPhoneSimulator = Debug|iPhoneSimulator
		Debug|x64 = Debug|x64
		Debug|x86 = Debug|x86
		Release|Any CPU = Release|Any CPU
		Release|ARM = Release|ARM
		Release|iPhone = Release|iPhone
		Release|iPhoneSimulator = Release|iPhoneSimulator
		Release|x64 = Release|x64
		Release|x86 = Release|x86
	EndGlobalSection
	GlobalSection(ProjectConfigurationPlatforms) = postSolution
		{ADFE3F69-3EB0-4FE2-A7BC-93C968C86CA3}.Debug|Any CPU.ActiveCfg = Debug|Any CPU
		{ADFE3F69-3EB0-4FE2-A7BC-93C968C86CA3}.Debug|Any CPU.Build.0 = Debug|Any CPU
		{ADFE3F69-3EB0-4FE2-A7BC-93C968C86CA3}.Debug|ARM.ActiveCfg = Debug|Any CPU
		{ADFE3F69-3EB0-4FE2-A7BC-93C968C86CA3}.Debug|ARM.Build.0 = Debug|Any CPU
		{ADFE3F69-3EB0-4FE2-A7BC-93C968C86CA3}.Debug|iPhone.ActiveCfg = Debug|Any CPU
		{ADFE3F69-3EB0-4FE2-A7BC-93C968C86CA3}.Debug|iPhone.Build.0 = Debug|Any CPU
		{ADFE3F69-3EB0-4FE2-A7BC-93C968C86CA3}.Debug|iPhoneSimulator.ActiveCfg = Debug|Any CPU
		{ADFE3F69-3EB0-4FE2-A7BC-93C968C86CA3}.Debug|iPhoneSimulator.Build.0 = Debug|Any CPU
		{ADFE3F69-3EB0-4FE2-A7BC-93C968C86CA3}.Debug|x64.ActiveCfg = Debug|Any CPU
		{ADFE3F69-3EB0-4FE2-A7BC-93C968C86CA3}.Debug|x64.Build.0 = Debug|Any CPU
		{ADFE3F69-3EB0-4FE2-A7BC-93C968C86CA3}.Debug|x86.ActiveCfg = Debug|Any CPU
		{ADFE3F69-3EB0-4FE2-A7BC-93C968C86CA3}.Debug|x86.Build.0 = Debug|Any CPU
		{ADFE3F69-3EB0-4FE2-A7BC-93C968C86CA3}.Release|Any CPU.ActiveCfg = Release|Any CPU
		{ADFE3F69-3EB0-4FE2-A7BC-93C968C86CA3}.Release|Any CPU.Build.0 = Release|Any CPU
		{ADFE3F69-3EB0-4FE2-A7BC-93C968C86CA3}.Release|ARM.ActiveCfg = Release|Any CPU
		{ADFE3F69-3EB0-4FE2-A7BC-93C968C86CA3}.Release|ARM.Build.0 = Release|Any CPU
		{ADFE3F69-3EB0-4FE2-A7BC-93C968C86CA3}.Release|iPhone.ActiveCfg = Release|Any CPU
		{ADFE3F69-3EB0-4FE2-A7BC-93C968C86CA3}.Release|iPhone.Build.0 = Release|Any CPU
		{ADFE3F69-3EB0-4FE2-A7BC-93C968C86CA3}.Release|iPhoneSimulator.ActiveCfg = Release|Any CPU
		{ADFE3F69-3EB0-4FE2-A7BC-93C968C86CA3}.Release|iPhoneSimulator.Build.0 = Release|Any CPU
		{ADFE3F69-3EB0-4FE2-A7BC-93C968C86CA3}.Release|x64.ActiveCfg = Release|Any CPU
		{ADFE3F69-3EB0-4FE2-A7BC-93C968C86CA3}.Release|x64.Build.0 = Release|Any CPU
		{ADFE3F69-3EB0-4FE2-A7BC-93C968C86CA3}.Release|x86.ActiveCfg = Release|Any CPU
		{ADFE3F69-3EB0-4FE2-A7BC-93C968C86CA3}.Release|x86.Build.0 = Release|Any CPU
		{9733D601-5F74-4D77-8A4A-069DD76A14A6}.Debug|Any CPU.ActiveCfg = Debug|Any CPU
		{9733D601-5F74-4D77-8A4A-069DD76A14A6}.Debug|Any CPU.Build.0 = Debug|Any CPU
		{9733D601-5F74-4D77-8A4A-069DD76A14A6}.Debug|ARM.ActiveCfg = Debug|Any CPU
		{9733D601-5F74-4D77-8A4A-069DD76A14A6}.Debug|ARM.Build.0 = Debug|Any CPU
		{9733D601-5F74-4D77-8A4A-069DD76A14A6}.Debug|iPhone.ActiveCfg = Debug|Any CPU
		{9733D601-5F74-4D77-8A4A-069DD76A14A6}.Debug|iPhone.Build.0 = Debug|Any CPU
		{9733D601-5F74-4D77-8A4A-069DD76A14A6}.Debug|iPhoneSimulator.ActiveCfg = Debug|Any CPU
		{9733D601-5F74-4D77-8A4A-069DD76A14A6}.Debug|iPhoneSimulator.Build.0 = Debug|Any CPU
		{9733D601-5F74-4D77-8A4A-069DD76A14A6}.Debug|x64.ActiveCfg = Debug|Any CPU
		{9733D601-5F74-4D77-8A4A-069DD76A14A6}.Debug|x64.Build.0 = Debug|Any CPU
		{9733D601-5F74-4D77-8A4A-069DD76A14A6}.Debug|x86.ActiveCfg = Debug|Any CPU
		{9733D601-5F74-4D77-8A4A-069DD76A14A6}.Debug|x86.Build.0 = Debug|Any CPU
		{9733D601-5F74-4D77-8A4A-069DD76A14A6}.Release|Any CPU.ActiveCfg = Release|Any CPU
		{9733D601-5F74-4D77-8A4A-069DD76A14A6}.Release|Any CPU.Build.0 = Release|Any CPU
		{9733D601-5F74-4D77-8A4A-069DD76A14A6}.Release|ARM.ActiveCfg = Release|Any CPU
		{9733D601-5F74-4D77-8A4A-069DD76A14A6}.Release|ARM.Build.0 = Release|Any CPU
		{9733D601-5F74-4D77-8A4A-069DD76A14A6}.Release|iPhone.ActiveCfg = Release|Any CPU
		{9733D601-5F74-4D77-8A4A-069DD76A14A6}.Release|iPhone.Build.0 = Release|Any CPU
		{9733D601-5F74-4D77-8A4A-069DD76A14A6}.Release|iPhoneSimulator.ActiveCfg = Release|Any CPU
		{9733D601-5F74-4D77-8A4A-069DD76A14A6}.Release|iPhoneSimulator.Build.0 = Release|Any CPU
		{9733D601-5F74-4D77-8A4A-069DD76A14A6}.Release|x64.ActiveCfg = Release|Any CPU
		{9733D601-5F74-4D77-8A4A-069DD76A14A6}.Release|x64.Build.0 = Release|Any CPU
		{9733D601-5F74-4D77-8A4A-069DD76A14A6}.Release|x86.ActiveCfg = Release|Any CPU
		{9733D601-5F74-4D77-8A4A-069DD76A14A6}.Release|x86.Build.0 = Release|Any CPU
		{FBCAECEE-7F82-4A8D-8EA8-418C721AB1E3}.Debug|Any CPU.ActiveCfg = Debug|Any CPU
		{FBCAECEE-7F82-4A8D-8EA8-418C721AB1E3}.Debug|Any CPU.Build.0 = Debug|Any CPU
		{FBCAECEE-7F82-4A8D-8EA8-418C721AB1E3}.Debug|ARM.ActiveCfg = Debug|Any CPU
		{FBCAECEE-7F82-4A8D-8EA8-418C721AB1E3}.Debug|ARM.Build.0 = Debug|Any CPU
		{FBCAECEE-7F82-4A8D-8EA8-418C721AB1E3}.Debug|iPhone.ActiveCfg = Debug|Any CPU
		{FBCAECEE-7F82-4A8D-8EA8-418C721AB1E3}.Debug|iPhone.Build.0 = Debug|Any CPU
		{FBCAECEE-7F82-4A8D-8EA8-418C721AB1E3}.Debug|iPhoneSimulator.ActiveCfg = Debug|Any CPU
		{FBCAECEE-7F82-4A8D-8EA8-418C721AB1E3}.Debug|iPhoneSimulator.Build.0 = Debug|Any CPU
		{FBCAECEE-7F82-4A8D-8EA8-418C721AB1E3}.Debug|x64.ActiveCfg = Debug|Any CPU
		{FBCAECEE-7F82-4A8D-8EA8-418C721AB1E3}.Debug|x64.Build.0 = Debug|Any CPU
		{FBCAECEE-7F82-4A8D-8EA8-418C721AB1E3}.Debug|x86.ActiveCfg = Debug|Any CPU
		{FBCAECEE-7F82-4A8D-8EA8-418C721AB1E3}.Debug|x86.Build.0 = Debug|Any CPU
		{FBCAECEE-7F82-4A8D-8EA8-418C721AB1E3}.Release|Any CPU.ActiveCfg = Release|Any CPU
		{FBCAECEE-7F82-4A8D-8EA8-418C721AB1E3}.Release|Any CPU.Build.0 = Release|Any CPU
		{FBCAECEE-7F82-4A8D-8EA8-418C721AB1E3}.Release|ARM.ActiveCfg = Release|Any CPU
		{FBCAECEE-7F82-4A8D-8EA8-418C721AB1E3}.Release|ARM.Build.0 = Release|Any CPU
		{FBCAECEE-7F82-4A8D-8EA8-418C721AB1E3}.Release|iPhone.ActiveCfg = Release|Any CPU
		{FBCAECEE-7F82-4A8D-8EA8-418C721AB1E3}.Release|iPhone.Build.0 = Release|Any CPU
		{FBCAECEE-7F82-4A8D-8EA8-418C721AB1E3}.Release|iPhoneSimulator.ActiveCfg = Release|Any CPU
		{FBCAECEE-7F82-4A8D-8EA8-418C721AB1E3}.Release|iPhoneSimulator.Build.0 = Release|Any CPU
		{FBCAECEE-7F82-4A8D-8EA8-418C721AB1E3}.Release|x64.ActiveCfg = Release|Any CPU
		{FBCAECEE-7F82-4A8D-8EA8-418C721AB1E3}.Release|x64.Build.0 = Release|Any CPU
		{FBCAECEE-7F82-4A8D-8EA8-418C721AB1E3}.Release|x86.ActiveCfg = Release|Any CPU
		{FBCAECEE-7F82-4A8D-8EA8-418C721AB1E3}.Release|x86.Build.0 = Release|Any CPU
		{0F19B060-E17E-47A5-BDEC-25985F30C3A2}.Debug|Any CPU.ActiveCfg = Debug|Any CPU
		{0F19B060-E17E-47A5-BDEC-25985F30C3A2}.Debug|Any CPU.Build.0 = Debug|Any CPU
		{0F19B060-E17E-47A5-BDEC-25985F30C3A2}.Debug|ARM.ActiveCfg = Debug|Any CPU
		{0F19B060-E17E-47A5-BDEC-25985F30C3A2}.Debug|ARM.Build.0 = Debug|Any CPU
		{0F19B060-E17E-47A5-BDEC-25985F30C3A2}.Debug|iPhone.ActiveCfg = Debug|Any CPU
		{0F19B060-E17E-47A5-BDEC-25985F30C3A2}.Debug|iPhone.Build.0 = Debug|Any CPU
		{0F19B060-E17E-47A5-BDEC-25985F30C3A2}.Debug|iPhoneSimulator.ActiveCfg = Debug|Any CPU
		{0F19B060-E17E-47A5-BDEC-25985F30C3A2}.Debug|iPhoneSimulator.Build.0 = Debug|Any CPU
		{0F19B060-E17E-47A5-BDEC-25985F30C3A2}.Debug|x64.ActiveCfg = Debug|Any CPU
		{0F19B060-E17E-47A5-BDEC-25985F30C3A2}.Debug|x64.Build.0 = Debug|Any CPU
		{0F19B060-E17E-47A5-BDEC-25985F30C3A2}.Debug|x86.ActiveCfg = Debug|Any CPU
		{0F19B060-E17E-47A5-BDEC-25985F30C3A2}.Debug|x86.Build.0 = Debug|Any CPU
		{0F19B060-E17E-47A5-BDEC-25985F30C3A2}.Release|Any CPU.ActiveCfg = Release|Any CPU
		{0F19B060-E17E-47A5-BDEC-25985F30C3A2}.Release|Any CPU.Build.0 = Release|Any CPU
		{0F19B060-E17E-47A5-BDEC-25985F30C3A2}.Release|ARM.ActiveCfg = Release|Any CPU
		{0F19B060-E17E-47A5-BDEC-25985F30C3A2}.Release|ARM.Build.0 = Release|Any CPU
		{0F19B060-E17E-47A5-BDEC-25985F30C3A2}.Release|iPhone.ActiveCfg = Release|Any CPU
		{0F19B060-E17E-47A5-BDEC-25985F30C3A2}.Release|iPhone.Build.0 = Release|Any CPU
		{0F19B060-E17E-47A5-BDEC-25985F30C3A2}.Release|iPhoneSimulator.ActiveCfg = Release|Any CPU
		{0F19B060-E17E-47A5-BDEC-25985F30C3A2}.Release|iPhoneSimulator.Build.0 = Release|Any CPU
		{0F19B060-E17E-47A5-BDEC-25985F30C3A2}.Release|x64.ActiveCfg = Release|Any CPU
		{0F19B060-E17E-47A5-BDEC-25985F30C3A2}.Release|x64.Build.0 = Release|Any CPU
		{0F19B060-E17E-47A5-BDEC-25985F30C3A2}.Release|x86.ActiveCfg = Release|Any CPU
		{0F19B060-E17E-47A5-BDEC-25985F30C3A2}.Release|x86.Build.0 = Release|Any CPU
		{A71B0E3B-1D38-4A39-84A0-6F84C4ADA36E}.Debug|Any CPU.ActiveCfg = Debug|Any CPU
		{A71B0E3B-1D38-4A39-84A0-6F84C4ADA36E}.Debug|Any CPU.Build.0 = Debug|Any CPU
		{A71B0E3B-1D38-4A39-84A0-6F84C4ADA36E}.Debug|ARM.ActiveCfg = Debug|Any CPU
		{A71B0E3B-1D38-4A39-84A0-6F84C4ADA36E}.Debug|ARM.Build.0 = Debug|Any CPU
		{A71B0E3B-1D38-4A39-84A0-6F84C4ADA36E}.Debug|iPhone.ActiveCfg = Debug|Any CPU
		{A71B0E3B-1D38-4A39-84A0-6F84C4ADA36E}.Debug|iPhone.Build.0 = Debug|Any CPU
		{A71B0E3B-1D38-4A39-84A0-6F84C4ADA36E}.Debug|iPhoneSimulator.ActiveCfg = Debug|Any CPU
		{A71B0E3B-1D38-4A39-84A0-6F84C4ADA36E}.Debug|iPhoneSimulator.Build.0 = Debug|Any CPU
		{A71B0E3B-1D38-4A39-84A0-6F84C4ADA36E}.Debug|x64.ActiveCfg = Debug|Any CPU
		{A71B0E3B-1D38-4A39-84A0-6F84C4ADA36E}.Debug|x64.Build.0 = Debug|Any CPU
		{A71B0E3B-1D38-4A39-84A0-6F84C4ADA36E}.Debug|x86.ActiveCfg = Debug|Any CPU
		{A71B0E3B-1D38-4A39-84A0-6F84C4ADA36E}.Debug|x86.Build.0 = Debug|Any CPU
		{A71B0E3B-1D38-4A39-84A0-6F84C4ADA36E}.Release|Any CPU.ActiveCfg = Release|Any CPU
		{A71B0E3B-1D38-4A39-84A0-6F84C4ADA36E}.Release|Any CPU.Build.0 = Release|Any CPU
		{A71B0E3B-1D38-4A39-84A0-6F84C4ADA36E}.Release|ARM.ActiveCfg = Release|Any CPU
		{A71B0E3B-1D38-4A39-84A0-6F84C4ADA36E}.Release|ARM.Build.0 = Release|Any CPU
		{A71B0E3B-1D38-4A39-84A0-6F84C4ADA36E}.Release|iPhone.ActiveCfg = Release|Any CPU
		{A71B0E3B-1D38-4A39-84A0-6F84C4ADA36E}.Release|iPhone.Build.0 = Release|Any CPU
		{A71B0E3B-1D38-4A39-84A0-6F84C4ADA36E}.Release|iPhoneSimulator.ActiveCfg = Release|Any CPU
		{A71B0E3B-1D38-4A39-84A0-6F84C4ADA36E}.Release|iPhoneSimulator.Build.0 = Release|Any CPU
		{A71B0E3B-1D38-4A39-84A0-6F84C4ADA36E}.Release|x64.ActiveCfg = Release|Any CPU
		{A71B0E3B-1D38-4A39-84A0-6F84C4ADA36E}.Release|x64.Build.0 = Release|Any CPU
		{A71B0E3B-1D38-4A39-84A0-6F84C4ADA36E}.Release|x86.ActiveCfg = Release|Any CPU
		{A71B0E3B-1D38-4A39-84A0-6F84C4ADA36E}.Release|x86.Build.0 = Release|Any CPU
		{39A9CAF9-AEDD-4BDC-B8C3-E9BF48BCB1A4}.Debug|Any CPU.ActiveCfg = Debug|Any CPU
		{39A9CAF9-AEDD-4BDC-B8C3-E9BF48BCB1A4}.Debug|Any CPU.Build.0 = Debug|Any CPU
		{39A9CAF9-AEDD-4BDC-B8C3-E9BF48BCB1A4}.Debug|ARM.ActiveCfg = Debug|Any CPU
		{39A9CAF9-AEDD-4BDC-B8C3-E9BF48BCB1A4}.Debug|ARM.Build.0 = Debug|Any CPU
		{39A9CAF9-AEDD-4BDC-B8C3-E9BF48BCB1A4}.Debug|iPhone.ActiveCfg = Debug|Any CPU
		{39A9CAF9-AEDD-4BDC-B8C3-E9BF48BCB1A4}.Debug|iPhone.Build.0 = Debug|Any CPU
		{39A9CAF9-AEDD-4BDC-B8C3-E9BF48BCB1A4}.Debug|iPhoneSimulator.ActiveCfg = Debug|Any CPU
		{39A9CAF9-AEDD-4BDC-B8C3-E9BF48BCB1A4}.Debug|iPhoneSimulator.Build.0 = Debug|Any CPU
		{39A9CAF9-AEDD-4BDC-B8C3-E9BF48BCB1A4}.Debug|x64.ActiveCfg = Debug|Any CPU
		{39A9CAF9-AEDD-4BDC-B8C3-E9BF48BCB1A4}.Debug|x64.Build.0 = Debug|Any CPU
		{39A9CAF9-AEDD-4BDC-B8C3-E9BF48BCB1A4}.Debug|x86.ActiveCfg = Debug|Any CPU
		{39A9CAF9-AEDD-4BDC-B8C3-E9BF48BCB1A4}.Debug|x86.Build.0 = Debug|Any CPU
		{39A9CAF9-AEDD-4BDC-B8C3-E9BF48BCB1A4}.Release|Any CPU.ActiveCfg = Release|Any CPU
		{39A9CAF9-AEDD-4BDC-B8C3-E9BF48BCB1A4}.Release|Any CPU.Build.0 = Release|Any CPU
		{39A9CAF9-AEDD-4BDC-B8C3-E9BF48BCB1A4}.Release|ARM.ActiveCfg = Release|Any CPU
		{39A9CAF9-AEDD-4BDC-B8C3-E9BF48BCB1A4}.Release|ARM.Build.0 = Release|Any CPU
		{39A9CAF9-AEDD-4BDC-B8C3-E9BF48BCB1A4}.Release|iPhone.ActiveCfg = Release|Any CPU
		{39A9CAF9-AEDD-4BDC-B8C3-E9BF48BCB1A4}.Release|iPhone.Build.0 = Release|Any CPU
		{39A9CAF9-AEDD-4BDC-B8C3-E9BF48BCB1A4}.Release|iPhoneSimulator.ActiveCfg = Release|Any CPU
		{39A9CAF9-AEDD-4BDC-B8C3-E9BF48BCB1A4}.Release|iPhoneSimulator.Build.0 = Release|Any CPU
		{39A9CAF9-AEDD-4BDC-B8C3-E9BF48BCB1A4}.Release|x64.ActiveCfg = Release|Any CPU
		{39A9CAF9-AEDD-4BDC-B8C3-E9BF48BCB1A4}.Release|x64.Build.0 = Release|Any CPU
		{39A9CAF9-AEDD-4BDC-B8C3-E9BF48BCB1A4}.Release|x86.ActiveCfg = Release|Any CPU
		{39A9CAF9-AEDD-4BDC-B8C3-E9BF48BCB1A4}.Release|x86.Build.0 = Release|Any CPU
		{F655FF99-D34D-4876-81C6-4D84E27A8BB3}.Debug|Any CPU.ActiveCfg = Debug|Any CPU
		{F655FF99-D34D-4876-81C6-4D84E27A8BB3}.Debug|Any CPU.Build.0 = Debug|Any CPU
		{F655FF99-D34D-4876-81C6-4D84E27A8BB3}.Debug|ARM.ActiveCfg = Debug|Any CPU
		{F655FF99-D34D-4876-81C6-4D84E27A8BB3}.Debug|ARM.Build.0 = Debug|Any CPU
		{F655FF99-D34D-4876-81C6-4D84E27A8BB3}.Debug|iPhone.ActiveCfg = Debug|Any CPU
		{F655FF99-D34D-4876-81C6-4D84E27A8BB3}.Debug|iPhone.Build.0 = Debug|Any CPU
		{F655FF99-D34D-4876-81C6-4D84E27A8BB3}.Debug|iPhoneSimulator.ActiveCfg = Debug|Any CPU
		{F655FF99-D34D-4876-81C6-4D84E27A8BB3}.Debug|iPhoneSimulator.Build.0 = Debug|Any CPU
		{F655FF99-D34D-4876-81C6-4D84E27A8BB3}.Debug|x64.ActiveCfg = Debug|Any CPU
		{F655FF99-D34D-4876-81C6-4D84E27A8BB3}.Debug|x64.Build.0 = Debug|Any CPU
		{F655FF99-D34D-4876-81C6-4D84E27A8BB3}.Debug|x86.ActiveCfg = Debug|Any CPU
		{F655FF99-D34D-4876-81C6-4D84E27A8BB3}.Debug|x86.Build.0 = Debug|Any CPU
		{F655FF99-D34D-4876-81C6-4D84E27A8BB3}.Release|Any CPU.ActiveCfg = Release|Any CPU
		{F655FF99-D34D-4876-81C6-4D84E27A8BB3}.Release|Any CPU.Build.0 = Release|Any CPU
		{F655FF99-D34D-4876-81C6-4D84E27A8BB3}.Release|ARM.ActiveCfg = Release|Any CPU
		{F655FF99-D34D-4876-81C6-4D84E27A8BB3}.Release|ARM.Build.0 = Release|Any CPU
		{F655FF99-D34D-4876-81C6-4D84E27A8BB3}.Release|iPhone.ActiveCfg = Release|Any CPU
		{F655FF99-D34D-4876-81C6-4D84E27A8BB3}.Release|iPhone.Build.0 = Release|Any CPU
		{F655FF99-D34D-4876-81C6-4D84E27A8BB3}.Release|iPhoneSimulator.ActiveCfg = Release|Any CPU
		{F655FF99-D34D-4876-81C6-4D84E27A8BB3}.Release|iPhoneSimulator.Build.0 = Release|Any CPU
		{F655FF99-D34D-4876-81C6-4D84E27A8BB3}.Release|x64.ActiveCfg = Release|Any CPU
		{F655FF99-D34D-4876-81C6-4D84E27A8BB3}.Release|x64.Build.0 = Release|Any CPU
		{F655FF99-D34D-4876-81C6-4D84E27A8BB3}.Release|x86.ActiveCfg = Release|Any CPU
		{F655FF99-D34D-4876-81C6-4D84E27A8BB3}.Release|x86.Build.0 = Release|Any CPU
		{F6A02FC3-BFD3-4EE3-8C81-D3818D657B45}.Debug|Any CPU.ActiveCfg = Debug|Any CPU
		{F6A02FC3-BFD3-4EE3-8C81-D3818D657B45}.Debug|Any CPU.Build.0 = Debug|Any CPU
		{F6A02FC3-BFD3-4EE3-8C81-D3818D657B45}.Debug|ARM.ActiveCfg = Debug|Any CPU
		{F6A02FC3-BFD3-4EE3-8C81-D3818D657B45}.Debug|ARM.Build.0 = Debug|Any CPU
		{F6A02FC3-BFD3-4EE3-8C81-D3818D657B45}.Debug|iPhone.ActiveCfg = Debug|Any CPU
		{F6A02FC3-BFD3-4EE3-8C81-D3818D657B45}.Debug|iPhone.Build.0 = Debug|Any CPU
		{F6A02FC3-BFD3-4EE3-8C81-D3818D657B45}.Debug|iPhoneSimulator.ActiveCfg = Debug|Any CPU
		{F6A02FC3-BFD3-4EE3-8C81-D3818D657B45}.Debug|iPhoneSimulator.Build.0 = Debug|Any CPU
		{F6A02FC3-BFD3-4EE3-8C81-D3818D657B45}.Debug|x64.ActiveCfg = Debug|Any CPU
		{F6A02FC3-BFD3-4EE3-8C81-D3818D657B45}.Debug|x64.Build.0 = Debug|Any CPU
		{F6A02FC3-BFD3-4EE3-8C81-D3818D657B45}.Debug|x86.ActiveCfg = Debug|Any CPU
		{F6A02FC3-BFD3-4EE3-8C81-D3818D657B45}.Debug|x86.Build.0 = Debug|Any CPU
		{F6A02FC3-BFD3-4EE3-8C81-D3818D657B45}.Release|Any CPU.ActiveCfg = Release|Any CPU
		{F6A02FC3-BFD3-4EE3-8C81-D3818D657B45}.Release|Any CPU.Build.0 = Release|Any CPU
		{F6A02FC3-BFD3-4EE3-8C81-D3818D657B45}.Release|ARM.ActiveCfg = Release|Any CPU
		{F6A02FC3-BFD3-4EE3-8C81-D3818D657B45}.Release|ARM.Build.0 = Release|Any CPU
		{F6A02FC3-BFD3-4EE3-8C81-D3818D657B45}.Release|iPhone.ActiveCfg = Release|Any CPU
		{F6A02FC3-BFD3-4EE3-8C81-D3818D657B45}.Release|iPhone.Build.0 = Release|Any CPU
		{F6A02FC3-BFD3-4EE3-8C81-D3818D657B45}.Release|iPhoneSimulator.ActiveCfg = Release|Any CPU
		{F6A02FC3-BFD3-4EE3-8C81-D3818D657B45}.Release|iPhoneSimulator.Build.0 = Release|Any CPU
		{F6A02FC3-BFD3-4EE3-8C81-D3818D657B45}.Release|x64.ActiveCfg = Release|Any CPU
		{F6A02FC3-BFD3-4EE3-8C81-D3818D657B45}.Release|x64.Build.0 = Release|Any CPU
		{F6A02FC3-BFD3-4EE3-8C81-D3818D657B45}.Release|x86.ActiveCfg = Release|Any CPU
		{F6A02FC3-BFD3-4EE3-8C81-D3818D657B45}.Release|x86.Build.0 = Release|Any CPU
		{178C784D-BB57-4864-BF8B-47625B9F88D7}.Debug|Any CPU.ActiveCfg = Debug|Any CPU
		{178C784D-BB57-4864-BF8B-47625B9F88D7}.Debug|Any CPU.Build.0 = Debug|Any CPU
		{178C784D-BB57-4864-BF8B-47625B9F88D7}.Debug|ARM.ActiveCfg = Debug|Any CPU
		{178C784D-BB57-4864-BF8B-47625B9F88D7}.Debug|ARM.Build.0 = Debug|Any CPU
		{178C784D-BB57-4864-BF8B-47625B9F88D7}.Debug|iPhone.ActiveCfg = Debug|Any CPU
		{178C784D-BB57-4864-BF8B-47625B9F88D7}.Debug|iPhone.Build.0 = Debug|Any CPU
		{178C784D-BB57-4864-BF8B-47625B9F88D7}.Debug|iPhoneSimulator.ActiveCfg = Debug|Any CPU
		{178C784D-BB57-4864-BF8B-47625B9F88D7}.Debug|iPhoneSimulator.Build.0 = Debug|Any CPU
		{178C784D-BB57-4864-BF8B-47625B9F88D7}.Debug|x64.ActiveCfg = Debug|Any CPU
		{178C784D-BB57-4864-BF8B-47625B9F88D7}.Debug|x64.Build.0 = Debug|Any CPU
		{178C784D-BB57-4864-BF8B-47625B9F88D7}.Debug|x86.ActiveCfg = Debug|Any CPU
		{178C784D-BB57-4864-BF8B-47625B9F88D7}.Debug|x86.Build.0 = Debug|Any CPU
		{178C784D-BB57-4864-BF8B-47625B9F88D7}.Release|Any CPU.ActiveCfg = Release|Any CPU
		{178C784D-BB57-4864-BF8B-47625B9F88D7}.Release|Any CPU.Build.0 = Release|Any CPU
		{178C784D-BB57-4864-BF8B-47625B9F88D7}.Release|ARM.ActiveCfg = Release|Any CPU
		{178C784D-BB57-4864-BF8B-47625B9F88D7}.Release|ARM.Build.0 = Release|Any CPU
		{178C784D-BB57-4864-BF8B-47625B9F88D7}.Release|iPhone.ActiveCfg = Release|Any CPU
		{178C784D-BB57-4864-BF8B-47625B9F88D7}.Release|iPhone.Build.0 = Release|Any CPU
		{178C784D-BB57-4864-BF8B-47625B9F88D7}.Release|iPhoneSimulator.ActiveCfg = Release|Any CPU
		{178C784D-BB57-4864-BF8B-47625B9F88D7}.Release|iPhoneSimulator.Build.0 = Release|Any CPU
		{178C784D-BB57-4864-BF8B-47625B9F88D7}.Release|x64.ActiveCfg = Release|Any CPU
		{178C784D-BB57-4864-BF8B-47625B9F88D7}.Release|x64.Build.0 = Release|Any CPU
		{178C784D-BB57-4864-BF8B-47625B9F88D7}.Release|x86.ActiveCfg = Release|Any CPU
		{178C784D-BB57-4864-BF8B-47625B9F88D7}.Release|x86.Build.0 = Release|Any CPU
		{478262D2-A64D-4863-83E1-1DAC0E98DB25}.Debug|Any CPU.ActiveCfg = Debug|Any CPU
		{478262D2-A64D-4863-83E1-1DAC0E98DB25}.Debug|Any CPU.Build.0 = Debug|Any CPU
		{478262D2-A64D-4863-83E1-1DAC0E98DB25}.Debug|ARM.ActiveCfg = Debug|Any CPU
		{478262D2-A64D-4863-83E1-1DAC0E98DB25}.Debug|ARM.Build.0 = Debug|Any CPU
		{478262D2-A64D-4863-83E1-1DAC0E98DB25}.Debug|iPhone.ActiveCfg = Debug|Any CPU
		{478262D2-A64D-4863-83E1-1DAC0E98DB25}.Debug|iPhone.Build.0 = Debug|Any CPU
		{478262D2-A64D-4863-83E1-1DAC0E98DB25}.Debug|iPhoneSimulator.ActiveCfg = Debug|Any CPU
		{478262D2-A64D-4863-83E1-1DAC0E98DB25}.Debug|iPhoneSimulator.Build.0 = Debug|Any CPU
		{478262D2-A64D-4863-83E1-1DAC0E98DB25}.Debug|x64.ActiveCfg = Debug|Any CPU
		{478262D2-A64D-4863-83E1-1DAC0E98DB25}.Debug|x64.Build.0 = Debug|Any CPU
		{478262D2-A64D-4863-83E1-1DAC0E98DB25}.Debug|x86.ActiveCfg = Debug|Any CPU
		{478262D2-A64D-4863-83E1-1DAC0E98DB25}.Debug|x86.Build.0 = Debug|Any CPU
		{478262D2-A64D-4863-83E1-1DAC0E98DB25}.Release|Any CPU.ActiveCfg = Release|Any CPU
		{478262D2-A64D-4863-83E1-1DAC0E98DB25}.Release|Any CPU.Build.0 = Release|Any CPU
		{478262D2-A64D-4863-83E1-1DAC0E98DB25}.Release|ARM.ActiveCfg = Release|Any CPU
		{478262D2-A64D-4863-83E1-1DAC0E98DB25}.Release|ARM.Build.0 = Release|Any CPU
		{478262D2-A64D-4863-83E1-1DAC0E98DB25}.Release|iPhone.ActiveCfg = Release|Any CPU
		{478262D2-A64D-4863-83E1-1DAC0E98DB25}.Release|iPhone.Build.0 = Release|Any CPU
		{478262D2-A64D-4863-83E1-1DAC0E98DB25}.Release|iPhoneSimulator.ActiveCfg = Release|Any CPU
		{478262D2-A64D-4863-83E1-1DAC0E98DB25}.Release|iPhoneSimulator.Build.0 = Release|Any CPU
		{478262D2-A64D-4863-83E1-1DAC0E98DB25}.Release|x64.ActiveCfg = Release|Any CPU
		{478262D2-A64D-4863-83E1-1DAC0E98DB25}.Release|x64.Build.0 = Release|Any CPU
		{478262D2-A64D-4863-83E1-1DAC0E98DB25}.Release|x86.ActiveCfg = Release|Any CPU
		{478262D2-A64D-4863-83E1-1DAC0E98DB25}.Release|x86.Build.0 = Release|Any CPU
		{5652AF28-E6EF-4718-A9AC-2946D41DC1B1}.Debug|Any CPU.ActiveCfg = Debug|Any CPU
		{5652AF28-E6EF-4718-A9AC-2946D41DC1B1}.Debug|Any CPU.Build.0 = Debug|Any CPU
		{5652AF28-E6EF-4718-A9AC-2946D41DC1B1}.Debug|ARM.ActiveCfg = Debug|Any CPU
		{5652AF28-E6EF-4718-A9AC-2946D41DC1B1}.Debug|ARM.Build.0 = Debug|Any CPU
		{5652AF28-E6EF-4718-A9AC-2946D41DC1B1}.Debug|iPhone.ActiveCfg = Debug|Any CPU
		{5652AF28-E6EF-4718-A9AC-2946D41DC1B1}.Debug|iPhone.Build.0 = Debug|Any CPU
		{5652AF28-E6EF-4718-A9AC-2946D41DC1B1}.Debug|iPhoneSimulator.ActiveCfg = Debug|Any CPU
		{5652AF28-E6EF-4718-A9AC-2946D41DC1B1}.Debug|iPhoneSimulator.Build.0 = Debug|Any CPU
		{5652AF28-E6EF-4718-A9AC-2946D41DC1B1}.Debug|x64.ActiveCfg = Debug|Any CPU
		{5652AF28-E6EF-4718-A9AC-2946D41DC1B1}.Debug|x64.Build.0 = Debug|Any CPU
		{5652AF28-E6EF-4718-A9AC-2946D41DC1B1}.Debug|x86.ActiveCfg = Debug|Any CPU
		{5652AF28-E6EF-4718-A9AC-2946D41DC1B1}.Debug|x86.Build.0 = Debug|Any CPU
		{5652AF28-E6EF-4718-A9AC-2946D41DC1B1}.Release|Any CPU.ActiveCfg = Release|Any CPU
		{5652AF28-E6EF-4718-A9AC-2946D41DC1B1}.Release|Any CPU.Build.0 = Release|Any CPU
		{5652AF28-E6EF-4718-A9AC-2946D41DC1B1}.Release|ARM.ActiveCfg = Release|Any CPU
		{5652AF28-E6EF-4718-A9AC-2946D41DC1B1}.Release|ARM.Build.0 = Release|Any CPU
		{5652AF28-E6EF-4718-A9AC-2946D41DC1B1}.Release|iPhone.ActiveCfg = Release|Any CPU
		{5652AF28-E6EF-4718-A9AC-2946D41DC1B1}.Release|iPhone.Build.0 = Release|Any CPU
		{5652AF28-E6EF-4718-A9AC-2946D41DC1B1}.Release|iPhoneSimulator.ActiveCfg = Release|Any CPU
		{5652AF28-E6EF-4718-A9AC-2946D41DC1B1}.Release|iPhoneSimulator.Build.0 = Release|Any CPU
		{5652AF28-E6EF-4718-A9AC-2946D41DC1B1}.Release|x64.ActiveCfg = Release|Any CPU
		{5652AF28-E6EF-4718-A9AC-2946D41DC1B1}.Release|x64.Build.0 = Release|Any CPU
		{5652AF28-E6EF-4718-A9AC-2946D41DC1B1}.Release|x86.ActiveCfg = Release|Any CPU
		{5652AF28-E6EF-4718-A9AC-2946D41DC1B1}.Release|x86.Build.0 = Release|Any CPU
		{AB10DDB7-BF3D-40FB-B3A2-215848EBB96F}.Debug|Any CPU.ActiveCfg = Debug|Any CPU
		{AB10DDB7-BF3D-40FB-B3A2-215848EBB96F}.Debug|Any CPU.Build.0 = Debug|Any CPU
		{AB10DDB7-BF3D-40FB-B3A2-215848EBB96F}.Debug|ARM.ActiveCfg = Debug|Any CPU
		{AB10DDB7-BF3D-40FB-B3A2-215848EBB96F}.Debug|ARM.Build.0 = Debug|Any CPU
		{AB10DDB7-BF3D-40FB-B3A2-215848EBB96F}.Debug|iPhone.ActiveCfg = Debug|Any CPU
		{AB10DDB7-BF3D-40FB-B3A2-215848EBB96F}.Debug|iPhone.Build.0 = Debug|Any CPU
		{AB10DDB7-BF3D-40FB-B3A2-215848EBB96F}.Debug|iPhoneSimulator.ActiveCfg = Debug|Any CPU
		{AB10DDB7-BF3D-40FB-B3A2-215848EBB96F}.Debug|iPhoneSimulator.Build.0 = Debug|Any CPU
		{AB10DDB7-BF3D-40FB-B3A2-215848EBB96F}.Debug|x64.ActiveCfg = Debug|Any CPU
		{AB10DDB7-BF3D-40FB-B3A2-215848EBB96F}.Debug|x64.Build.0 = Debug|Any CPU
		{AB10DDB7-BF3D-40FB-B3A2-215848EBB96F}.Debug|x86.ActiveCfg = Debug|Any CPU
		{AB10DDB7-BF3D-40FB-B3A2-215848EBB96F}.Debug|x86.Build.0 = Debug|Any CPU
		{AB10DDB7-BF3D-40FB-B3A2-215848EBB96F}.Release|Any CPU.ActiveCfg = Release|Any CPU
		{AB10DDB7-BF3D-40FB-B3A2-215848EBB96F}.Release|Any CPU.Build.0 = Release|Any CPU
		{AB10DDB7-BF3D-40FB-B3A2-215848EBB96F}.Release|ARM.ActiveCfg = Release|Any CPU
		{AB10DDB7-BF3D-40FB-B3A2-215848EBB96F}.Release|ARM.Build.0 = Release|Any CPU
		{AB10DDB7-BF3D-40FB-B3A2-215848EBB96F}.Release|iPhone.ActiveCfg = Release|Any CPU
		{AB10DDB7-BF3D-40FB-B3A2-215848EBB96F}.Release|iPhone.Build.0 = Release|Any CPU
		{AB10DDB7-BF3D-40FB-B3A2-215848EBB96F}.Release|iPhoneSimulator.ActiveCfg = Release|Any CPU
		{AB10DDB7-BF3D-40FB-B3A2-215848EBB96F}.Release|iPhoneSimulator.Build.0 = Release|Any CPU
		{AB10DDB7-BF3D-40FB-B3A2-215848EBB96F}.Release|x64.ActiveCfg = Release|Any CPU
		{AB10DDB7-BF3D-40FB-B3A2-215848EBB96F}.Release|x64.Build.0 = Release|Any CPU
		{AB10DDB7-BF3D-40FB-B3A2-215848EBB96F}.Release|x86.ActiveCfg = Release|Any CPU
		{AB10DDB7-BF3D-40FB-B3A2-215848EBB96F}.Release|x86.Build.0 = Release|Any CPU
		{1DC24594-A0EC-4470-A188-CEEFCF2CF9AB}.Debug|Any CPU.ActiveCfg = Debug|Any CPU
		{1DC24594-A0EC-4470-A188-CEEFCF2CF9AB}.Debug|Any CPU.Build.0 = Debug|Any CPU
		{1DC24594-A0EC-4470-A188-CEEFCF2CF9AB}.Debug|ARM.ActiveCfg = Debug|Any CPU
		{1DC24594-A0EC-4470-A188-CEEFCF2CF9AB}.Debug|ARM.Build.0 = Debug|Any CPU
		{1DC24594-A0EC-4470-A188-CEEFCF2CF9AB}.Debug|iPhone.ActiveCfg = Debug|Any CPU
		{1DC24594-A0EC-4470-A188-CEEFCF2CF9AB}.Debug|iPhone.Build.0 = Debug|Any CPU
		{1DC24594-A0EC-4470-A188-CEEFCF2CF9AB}.Debug|iPhoneSimulator.ActiveCfg = Debug|Any CPU
		{1DC24594-A0EC-4470-A188-CEEFCF2CF9AB}.Debug|iPhoneSimulator.Build.0 = Debug|Any CPU
		{1DC24594-A0EC-4470-A188-CEEFCF2CF9AB}.Debug|x64.ActiveCfg = Debug|Any CPU
		{1DC24594-A0EC-4470-A188-CEEFCF2CF9AB}.Debug|x64.Build.0 = Debug|Any CPU
		{1DC24594-A0EC-4470-A188-CEEFCF2CF9AB}.Debug|x86.ActiveCfg = Debug|Any CPU
		{1DC24594-A0EC-4470-A188-CEEFCF2CF9AB}.Debug|x86.Build.0 = Debug|Any CPU
		{1DC24594-A0EC-4470-A188-CEEFCF2CF9AB}.Release|Any CPU.ActiveCfg = Release|Any CPU
		{1DC24594-A0EC-4470-A188-CEEFCF2CF9AB}.Release|Any CPU.Build.0 = Release|Any CPU
		{1DC24594-A0EC-4470-A188-CEEFCF2CF9AB}.Release|ARM.ActiveCfg = Release|Any CPU
		{1DC24594-A0EC-4470-A188-CEEFCF2CF9AB}.Release|ARM.Build.0 = Release|Any CPU
		{1DC24594-A0EC-4470-A188-CEEFCF2CF9AB}.Release|iPhone.ActiveCfg = Release|Any CPU
		{1DC24594-A0EC-4470-A188-CEEFCF2CF9AB}.Release|iPhone.Build.0 = Release|Any CPU
		{1DC24594-A0EC-4470-A188-CEEFCF2CF9AB}.Release|iPhoneSimulator.ActiveCfg = Release|Any CPU
		{1DC24594-A0EC-4470-A188-CEEFCF2CF9AB}.Release|iPhoneSimulator.Build.0 = Release|Any CPU
		{1DC24594-A0EC-4470-A188-CEEFCF2CF9AB}.Release|x64.ActiveCfg = Release|Any CPU
		{1DC24594-A0EC-4470-A188-CEEFCF2CF9AB}.Release|x64.Build.0 = Release|Any CPU
		{1DC24594-A0EC-4470-A188-CEEFCF2CF9AB}.Release|x86.ActiveCfg = Release|Any CPU
		{1DC24594-A0EC-4470-A188-CEEFCF2CF9AB}.Release|x86.Build.0 = Release|Any CPU
		{88CF938D-5F19-4556-ACEE-0948FC2745FA}.Debug|Any CPU.ActiveCfg = Debug|Any CPU
		{88CF938D-5F19-4556-ACEE-0948FC2745FA}.Debug|Any CPU.Build.0 = Debug|Any CPU
		{88CF938D-5F19-4556-ACEE-0948FC2745FA}.Debug|ARM.ActiveCfg = Debug|Any CPU
		{88CF938D-5F19-4556-ACEE-0948FC2745FA}.Debug|ARM.Build.0 = Debug|Any CPU
		{88CF938D-5F19-4556-ACEE-0948FC2745FA}.Debug|iPhone.ActiveCfg = Debug|Any CPU
		{88CF938D-5F19-4556-ACEE-0948FC2745FA}.Debug|iPhone.Build.0 = Debug|Any CPU
		{88CF938D-5F19-4556-ACEE-0948FC2745FA}.Debug|iPhoneSimulator.ActiveCfg = Debug|Any CPU
		{88CF938D-5F19-4556-ACEE-0948FC2745FA}.Debug|iPhoneSimulator.Build.0 = Debug|Any CPU
		{88CF938D-5F19-4556-ACEE-0948FC2745FA}.Debug|x64.ActiveCfg = Debug|Any CPU
		{88CF938D-5F19-4556-ACEE-0948FC2745FA}.Debug|x64.Build.0 = Debug|Any CPU
		{88CF938D-5F19-4556-ACEE-0948FC2745FA}.Debug|x86.ActiveCfg = Debug|Any CPU
		{88CF938D-5F19-4556-ACEE-0948FC2745FA}.Debug|x86.Build.0 = Debug|Any CPU
		{88CF938D-5F19-4556-ACEE-0948FC2745FA}.Release|Any CPU.ActiveCfg = Release|Any CPU
		{88CF938D-5F19-4556-ACEE-0948FC2745FA}.Release|Any CPU.Build.0 = Release|Any CPU
		{88CF938D-5F19-4556-ACEE-0948FC2745FA}.Release|ARM.ActiveCfg = Release|Any CPU
		{88CF938D-5F19-4556-ACEE-0948FC2745FA}.Release|ARM.Build.0 = Release|Any CPU
		{88CF938D-5F19-4556-ACEE-0948FC2745FA}.Release|iPhone.ActiveCfg = Release|Any CPU
		{88CF938D-5F19-4556-ACEE-0948FC2745FA}.Release|iPhone.Build.0 = Release|Any CPU
		{88CF938D-5F19-4556-ACEE-0948FC2745FA}.Release|iPhoneSimulator.ActiveCfg = Release|Any CPU
		{88CF938D-5F19-4556-ACEE-0948FC2745FA}.Release|iPhoneSimulator.Build.0 = Release|Any CPU
		{88CF938D-5F19-4556-ACEE-0948FC2745FA}.Release|x64.ActiveCfg = Release|Any CPU
		{88CF938D-5F19-4556-ACEE-0948FC2745FA}.Release|x64.Build.0 = Release|Any CPU
		{88CF938D-5F19-4556-ACEE-0948FC2745FA}.Release|x86.ActiveCfg = Release|Any CPU
		{88CF938D-5F19-4556-ACEE-0948FC2745FA}.Release|x86.Build.0 = Release|Any CPU
		{FDB152A8-4216-41EA-BA45-8C51B47FC5FF}.Debug|Any CPU.ActiveCfg = Debug|Any CPU
		{FDB152A8-4216-41EA-BA45-8C51B47FC5FF}.Debug|Any CPU.Build.0 = Debug|Any CPU
		{FDB152A8-4216-41EA-BA45-8C51B47FC5FF}.Debug|ARM.ActiveCfg = Debug|Any CPU
		{FDB152A8-4216-41EA-BA45-8C51B47FC5FF}.Debug|ARM.Build.0 = Debug|Any CPU
		{FDB152A8-4216-41EA-BA45-8C51B47FC5FF}.Debug|iPhone.ActiveCfg = Debug|Any CPU
		{FDB152A8-4216-41EA-BA45-8C51B47FC5FF}.Debug|iPhone.Build.0 = Debug|Any CPU
		{FDB152A8-4216-41EA-BA45-8C51B47FC5FF}.Debug|iPhoneSimulator.ActiveCfg = Debug|Any CPU
		{FDB152A8-4216-41EA-BA45-8C51B47FC5FF}.Debug|iPhoneSimulator.Build.0 = Debug|Any CPU
		{FDB152A8-4216-41EA-BA45-8C51B47FC5FF}.Debug|x64.ActiveCfg = Debug|Any CPU
		{FDB152A8-4216-41EA-BA45-8C51B47FC5FF}.Debug|x64.Build.0 = Debug|Any CPU
		{FDB152A8-4216-41EA-BA45-8C51B47FC5FF}.Debug|x86.ActiveCfg = Debug|Any CPU
		{FDB152A8-4216-41EA-BA45-8C51B47FC5FF}.Debug|x86.Build.0 = Debug|Any CPU
		{FDB152A8-4216-41EA-BA45-8C51B47FC5FF}.Release|Any CPU.ActiveCfg = Release|Any CPU
		{FDB152A8-4216-41EA-BA45-8C51B47FC5FF}.Release|Any CPU.Build.0 = Release|Any CPU
		{FDB152A8-4216-41EA-BA45-8C51B47FC5FF}.Release|ARM.ActiveCfg = Release|Any CPU
		{FDB152A8-4216-41EA-BA45-8C51B47FC5FF}.Release|ARM.Build.0 = Release|Any CPU
		{FDB152A8-4216-41EA-BA45-8C51B47FC5FF}.Release|iPhone.ActiveCfg = Release|Any CPU
		{FDB152A8-4216-41EA-BA45-8C51B47FC5FF}.Release|iPhone.Build.0 = Release|Any CPU
		{FDB152A8-4216-41EA-BA45-8C51B47FC5FF}.Release|iPhoneSimulator.ActiveCfg = Release|Any CPU
		{FDB152A8-4216-41EA-BA45-8C51B47FC5FF}.Release|iPhoneSimulator.Build.0 = Release|Any CPU
		{FDB152A8-4216-41EA-BA45-8C51B47FC5FF}.Release|x64.ActiveCfg = Release|Any CPU
		{FDB152A8-4216-41EA-BA45-8C51B47FC5FF}.Release|x64.Build.0 = Release|Any CPU
		{FDB152A8-4216-41EA-BA45-8C51B47FC5FF}.Release|x86.ActiveCfg = Release|Any CPU
		{FDB152A8-4216-41EA-BA45-8C51B47FC5FF}.Release|x86.Build.0 = Release|Any CPU
		{1B92772B-BCB1-466C-AC47-A73D34DB9010}.Debug|Any CPU.ActiveCfg = Debug|Any CPU
		{1B92772B-BCB1-466C-AC47-A73D34DB9010}.Debug|Any CPU.Build.0 = Debug|Any CPU
		{1B92772B-BCB1-466C-AC47-A73D34DB9010}.Debug|ARM.ActiveCfg = Debug|Any CPU
		{1B92772B-BCB1-466C-AC47-A73D34DB9010}.Debug|ARM.Build.0 = Debug|Any CPU
		{1B92772B-BCB1-466C-AC47-A73D34DB9010}.Debug|iPhone.ActiveCfg = Debug|Any CPU
		{1B92772B-BCB1-466C-AC47-A73D34DB9010}.Debug|iPhone.Build.0 = Debug|Any CPU
		{1B92772B-BCB1-466C-AC47-A73D34DB9010}.Debug|iPhoneSimulator.ActiveCfg = Debug|Any CPU
		{1B92772B-BCB1-466C-AC47-A73D34DB9010}.Debug|iPhoneSimulator.Build.0 = Debug|Any CPU
		{1B92772B-BCB1-466C-AC47-A73D34DB9010}.Debug|x64.ActiveCfg = Debug|Any CPU
		{1B92772B-BCB1-466C-AC47-A73D34DB9010}.Debug|x64.Build.0 = Debug|Any CPU
		{1B92772B-BCB1-466C-AC47-A73D34DB9010}.Debug|x86.ActiveCfg = Debug|Any CPU
		{1B92772B-BCB1-466C-AC47-A73D34DB9010}.Debug|x86.Build.0 = Debug|Any CPU
		{1B92772B-BCB1-466C-AC47-A73D34DB9010}.Release|Any CPU.ActiveCfg = Release|Any CPU
		{1B92772B-BCB1-466C-AC47-A73D34DB9010}.Release|Any CPU.Build.0 = Release|Any CPU
		{1B92772B-BCB1-466C-AC47-A73D34DB9010}.Release|ARM.ActiveCfg = Release|Any CPU
		{1B92772B-BCB1-466C-AC47-A73D34DB9010}.Release|ARM.Build.0 = Release|Any CPU
		{1B92772B-BCB1-466C-AC47-A73D34DB9010}.Release|iPhone.ActiveCfg = Release|Any CPU
		{1B92772B-BCB1-466C-AC47-A73D34DB9010}.Release|iPhone.Build.0 = Release|Any CPU
		{1B92772B-BCB1-466C-AC47-A73D34DB9010}.Release|iPhoneSimulator.ActiveCfg = Release|Any CPU
		{1B92772B-BCB1-466C-AC47-A73D34DB9010}.Release|iPhoneSimulator.Build.0 = Release|Any CPU
		{1B92772B-BCB1-466C-AC47-A73D34DB9010}.Release|x64.ActiveCfg = Release|Any CPU
		{1B92772B-BCB1-466C-AC47-A73D34DB9010}.Release|x64.Build.0 = Release|Any CPU
		{1B92772B-BCB1-466C-AC47-A73D34DB9010}.Release|x86.ActiveCfg = Release|Any CPU
		{1B92772B-BCB1-466C-AC47-A73D34DB9010}.Release|x86.Build.0 = Release|Any CPU
		{B03766E3-BCE4-4DC9-AEB2-CBA3DA79BD09}.Debug|Any CPU.ActiveCfg = Debug|x86
		{B03766E3-BCE4-4DC9-AEB2-CBA3DA79BD09}.Debug|Any CPU.Build.0 = Debug|x86
		{B03766E3-BCE4-4DC9-AEB2-CBA3DA79BD09}.Debug|Any CPU.Deploy.0 = Debug|x86
		{B03766E3-BCE4-4DC9-AEB2-CBA3DA79BD09}.Debug|ARM.ActiveCfg = Debug|ARM
		{B03766E3-BCE4-4DC9-AEB2-CBA3DA79BD09}.Debug|ARM.Build.0 = Debug|ARM
		{B03766E3-BCE4-4DC9-AEB2-CBA3DA79BD09}.Debug|ARM.Deploy.0 = Debug|ARM
		{B03766E3-BCE4-4DC9-AEB2-CBA3DA79BD09}.Debug|iPhone.ActiveCfg = Debug|x86
		{B03766E3-BCE4-4DC9-AEB2-CBA3DA79BD09}.Debug|iPhoneSimulator.ActiveCfg = Debug|x86
		{B03766E3-BCE4-4DC9-AEB2-CBA3DA79BD09}.Debug|x64.ActiveCfg = Debug|x64
		{B03766E3-BCE4-4DC9-AEB2-CBA3DA79BD09}.Debug|x64.Build.0 = Debug|x64
		{B03766E3-BCE4-4DC9-AEB2-CBA3DA79BD09}.Debug|x64.Deploy.0 = Debug|x64
		{B03766E3-BCE4-4DC9-AEB2-CBA3DA79BD09}.Debug|x86.ActiveCfg = Debug|x86
		{B03766E3-BCE4-4DC9-AEB2-CBA3DA79BD09}.Debug|x86.Build.0 = Debug|x86
		{B03766E3-BCE4-4DC9-AEB2-CBA3DA79BD09}.Debug|x86.Deploy.0 = Debug|x86
		{B03766E3-BCE4-4DC9-AEB2-CBA3DA79BD09}.Release|Any CPU.ActiveCfg = Release|x86
		{B03766E3-BCE4-4DC9-AEB2-CBA3DA79BD09}.Release|ARM.ActiveCfg = Release|ARM
		{B03766E3-BCE4-4DC9-AEB2-CBA3DA79BD09}.Release|ARM.Build.0 = Release|ARM
		{B03766E3-BCE4-4DC9-AEB2-CBA3DA79BD09}.Release|ARM.Deploy.0 = Release|ARM
		{B03766E3-BCE4-4DC9-AEB2-CBA3DA79BD09}.Release|iPhone.ActiveCfg = Release|x86
		{B03766E3-BCE4-4DC9-AEB2-CBA3DA79BD09}.Release|iPhoneSimulator.ActiveCfg = Release|x86
		{B03766E3-BCE4-4DC9-AEB2-CBA3DA79BD09}.Release|x64.ActiveCfg = Release|x64
		{B03766E3-BCE4-4DC9-AEB2-CBA3DA79BD09}.Release|x64.Build.0 = Release|x64
		{B03766E3-BCE4-4DC9-AEB2-CBA3DA79BD09}.Release|x64.Deploy.0 = Release|x64
		{B03766E3-BCE4-4DC9-AEB2-CBA3DA79BD09}.Release|x86.ActiveCfg = Release|x86
		{B03766E3-BCE4-4DC9-AEB2-CBA3DA79BD09}.Release|x86.Build.0 = Release|x86
		{B03766E3-BCE4-4DC9-AEB2-CBA3DA79BD09}.Release|x86.Deploy.0 = Release|x86
		{27622FFA-919A-4A92-90F5-7430A8F20AE2}.Debug|Any CPU.ActiveCfg = Debug|Any CPU
		{27622FFA-919A-4A92-90F5-7430A8F20AE2}.Debug|Any CPU.Build.0 = Debug|Any CPU
		{27622FFA-919A-4A92-90F5-7430A8F20AE2}.Debug|Any CPU.Deploy.0 = Debug|Any CPU
		{27622FFA-919A-4A92-90F5-7430A8F20AE2}.Debug|ARM.ActiveCfg = Debug|Any CPU
		{27622FFA-919A-4A92-90F5-7430A8F20AE2}.Debug|ARM.Build.0 = Debug|Any CPU
		{27622FFA-919A-4A92-90F5-7430A8F20AE2}.Debug|ARM.Deploy.0 = Debug|Any CPU
		{27622FFA-919A-4A92-90F5-7430A8F20AE2}.Debug|iPhone.ActiveCfg = Debug|Any CPU
		{27622FFA-919A-4A92-90F5-7430A8F20AE2}.Debug|iPhone.Build.0 = Debug|Any CPU
		{27622FFA-919A-4A92-90F5-7430A8F20AE2}.Debug|iPhone.Deploy.0 = Debug|Any CPU
		{27622FFA-919A-4A92-90F5-7430A8F20AE2}.Debug|iPhoneSimulator.ActiveCfg = Debug|Any CPU
		{27622FFA-919A-4A92-90F5-7430A8F20AE2}.Debug|iPhoneSimulator.Build.0 = Debug|Any CPU
		{27622FFA-919A-4A92-90F5-7430A8F20AE2}.Debug|iPhoneSimulator.Deploy.0 = Debug|Any CPU
		{27622FFA-919A-4A92-90F5-7430A8F20AE2}.Debug|x64.ActiveCfg = Debug|Any CPU
		{27622FFA-919A-4A92-90F5-7430A8F20AE2}.Debug|x64.Build.0 = Debug|Any CPU
		{27622FFA-919A-4A92-90F5-7430A8F20AE2}.Debug|x64.Deploy.0 = Debug|Any CPU
		{27622FFA-919A-4A92-90F5-7430A8F20AE2}.Debug|x86.ActiveCfg = Debug|Any CPU
		{27622FFA-919A-4A92-90F5-7430A8F20AE2}.Debug|x86.Build.0 = Debug|Any CPU
		{27622FFA-919A-4A92-90F5-7430A8F20AE2}.Debug|x86.Deploy.0 = Debug|Any CPU
		{27622FFA-919A-4A92-90F5-7430A8F20AE2}.Release|Any CPU.ActiveCfg = Release|Any CPU
		{27622FFA-919A-4A92-90F5-7430A8F20AE2}.Release|Any CPU.Build.0 = Release|Any CPU
		{27622FFA-919A-4A92-90F5-7430A8F20AE2}.Release|Any CPU.Deploy.0 = Release|Any CPU
		{27622FFA-919A-4A92-90F5-7430A8F20AE2}.Release|ARM.ActiveCfg = Release|Any CPU
		{27622FFA-919A-4A92-90F5-7430A8F20AE2}.Release|ARM.Build.0 = Release|Any CPU
		{27622FFA-919A-4A92-90F5-7430A8F20AE2}.Release|ARM.Deploy.0 = Release|Any CPU
		{27622FFA-919A-4A92-90F5-7430A8F20AE2}.Release|iPhone.ActiveCfg = Release|Any CPU
		{27622FFA-919A-4A92-90F5-7430A8F20AE2}.Release|iPhone.Build.0 = Release|Any CPU
		{27622FFA-919A-4A92-90F5-7430A8F20AE2}.Release|iPhone.Deploy.0 = Release|Any CPU
		{27622FFA-919A-4A92-90F5-7430A8F20AE2}.Release|iPhoneSimulator.ActiveCfg = Release|Any CPU
		{27622FFA-919A-4A92-90F5-7430A8F20AE2}.Release|iPhoneSimulator.Build.0 = Release|Any CPU
		{27622FFA-919A-4A92-90F5-7430A8F20AE2}.Release|iPhoneSimulator.Deploy.0 = Release|Any CPU
		{27622FFA-919A-4A92-90F5-7430A8F20AE2}.Release|x64.ActiveCfg = Release|Any CPU
		{27622FFA-919A-4A92-90F5-7430A8F20AE2}.Release|x64.Build.0 = Release|Any CPU
		{27622FFA-919A-4A92-90F5-7430A8F20AE2}.Release|x64.Deploy.0 = Release|Any CPU
		{27622FFA-919A-4A92-90F5-7430A8F20AE2}.Release|x86.ActiveCfg = Release|Any CPU
		{27622FFA-919A-4A92-90F5-7430A8F20AE2}.Release|x86.Build.0 = Release|Any CPU
		{27622FFA-919A-4A92-90F5-7430A8F20AE2}.Release|x86.Deploy.0 = Release|Any CPU
		{6AA49611-8C4F-4D06-9AA6-4D554FC332AD}.Debug|Any CPU.ActiveCfg = Debug|iPhoneSimulator
		{6AA49611-8C4F-4D06-9AA6-4D554FC332AD}.Debug|ARM.ActiveCfg = Debug|iPhoneSimulator
		{6AA49611-8C4F-4D06-9AA6-4D554FC332AD}.Debug|iPhone.ActiveCfg = Debug|iPhone
		{6AA49611-8C4F-4D06-9AA6-4D554FC332AD}.Debug|iPhone.Build.0 = Debug|iPhone
		{6AA49611-8C4F-4D06-9AA6-4D554FC332AD}.Debug|iPhone.Deploy.0 = Debug|iPhone
		{6AA49611-8C4F-4D06-9AA6-4D554FC332AD}.Debug|iPhoneSimulator.ActiveCfg = Debug|iPhoneSimulator
		{6AA49611-8C4F-4D06-9AA6-4D554FC332AD}.Debug|iPhoneSimulator.Build.0 = Debug|iPhoneSimulator
		{6AA49611-8C4F-4D06-9AA6-4D554FC332AD}.Debug|x64.ActiveCfg = Debug|iPhoneSimulator
		{6AA49611-8C4F-4D06-9AA6-4D554FC332AD}.Debug|x86.ActiveCfg = Debug|iPhoneSimulator
		{6AA49611-8C4F-4D06-9AA6-4D554FC332AD}.Release|Any CPU.ActiveCfg = Release|iPhoneSimulator
		{6AA49611-8C4F-4D06-9AA6-4D554FC332AD}.Release|ARM.ActiveCfg = Release|iPhoneSimulator
		{6AA49611-8C4F-4D06-9AA6-4D554FC332AD}.Release|iPhone.ActiveCfg = Release|iPhone
		{6AA49611-8C4F-4D06-9AA6-4D554FC332AD}.Release|iPhone.Build.0 = Release|iPhone
		{6AA49611-8C4F-4D06-9AA6-4D554FC332AD}.Release|iPhoneSimulator.ActiveCfg = Release|iPhoneSimulator
		{6AA49611-8C4F-4D06-9AA6-4D554FC332AD}.Release|iPhoneSimulator.Build.0 = Release|iPhoneSimulator
		{6AA49611-8C4F-4D06-9AA6-4D554FC332AD}.Release|x64.ActiveCfg = Release|iPhoneSimulator
		{6AA49611-8C4F-4D06-9AA6-4D554FC332AD}.Release|x86.ActiveCfg = Release|iPhoneSimulator
		{EFC21368-40E7-4536-8143-D8F4F4FEF4C8}.Debug|Any CPU.ActiveCfg = Debug|Any CPU
		{EFC21368-40E7-4536-8143-D8F4F4FEF4C8}.Debug|Any CPU.Build.0 = Debug|Any CPU
		{EFC21368-40E7-4536-8143-D8F4F4FEF4C8}.Debug|ARM.ActiveCfg = Debug|Any CPU
		{EFC21368-40E7-4536-8143-D8F4F4FEF4C8}.Debug|ARM.Build.0 = Debug|Any CPU
		{EFC21368-40E7-4536-8143-D8F4F4FEF4C8}.Debug|iPhone.ActiveCfg = Debug|Any CPU
		{EFC21368-40E7-4536-8143-D8F4F4FEF4C8}.Debug|iPhone.Build.0 = Debug|Any CPU
		{EFC21368-40E7-4536-8143-D8F4F4FEF4C8}.Debug|iPhoneSimulator.ActiveCfg = Debug|Any CPU
		{EFC21368-40E7-4536-8143-D8F4F4FEF4C8}.Debug|iPhoneSimulator.Build.0 = Debug|Any CPU
		{EFC21368-40E7-4536-8143-D8F4F4FEF4C8}.Debug|x64.ActiveCfg = Debug|Any CPU
		{EFC21368-40E7-4536-8143-D8F4F4FEF4C8}.Debug|x64.Build.0 = Debug|Any CPU
		{EFC21368-40E7-4536-8143-D8F4F4FEF4C8}.Debug|x86.ActiveCfg = Debug|Any CPU
		{EFC21368-40E7-4536-8143-D8F4F4FEF4C8}.Debug|x86.Build.0 = Debug|Any CPU
		{EFC21368-40E7-4536-8143-D8F4F4FEF4C8}.Release|Any CPU.ActiveCfg = Release|Any CPU
		{EFC21368-40E7-4536-8143-D8F4F4FEF4C8}.Release|Any CPU.Build.0 = Release|Any CPU
		{EFC21368-40E7-4536-8143-D8F4F4FEF4C8}.Release|ARM.ActiveCfg = Release|Any CPU
		{EFC21368-40E7-4536-8143-D8F4F4FEF4C8}.Release|ARM.Build.0 = Release|Any CPU
		{EFC21368-40E7-4536-8143-D8F4F4FEF4C8}.Release|iPhone.ActiveCfg = Release|Any CPU
		{EFC21368-40E7-4536-8143-D8F4F4FEF4C8}.Release|iPhone.Build.0 = Release|Any CPU
		{EFC21368-40E7-4536-8143-D8F4F4FEF4C8}.Release|iPhoneSimulator.ActiveCfg = Release|Any CPU
		{EFC21368-40E7-4536-8143-D8F4F4FEF4C8}.Release|iPhoneSimulator.Build.0 = Release|Any CPU
		{EFC21368-40E7-4536-8143-D8F4F4FEF4C8}.Release|x64.ActiveCfg = Release|Any CPU
		{EFC21368-40E7-4536-8143-D8F4F4FEF4C8}.Release|x64.Build.0 = Release|Any CPU
		{EFC21368-40E7-4536-8143-D8F4F4FEF4C8}.Release|x86.ActiveCfg = Release|Any CPU
		{EFC21368-40E7-4536-8143-D8F4F4FEF4C8}.Release|x86.Build.0 = Release|Any CPU
		{FC9B1176-C82E-43C1-A92E-ECE89D5F844A}.Debug|Any CPU.ActiveCfg = Debug|Any CPU
		{FC9B1176-C82E-43C1-A92E-ECE89D5F844A}.Debug|Any CPU.Build.0 = Debug|Any CPU
		{FC9B1176-C82E-43C1-A92E-ECE89D5F844A}.Debug|ARM.ActiveCfg = Debug|Any CPU
		{FC9B1176-C82E-43C1-A92E-ECE89D5F844A}.Debug|ARM.Build.0 = Debug|Any CPU
		{FC9B1176-C82E-43C1-A92E-ECE89D5F844A}.Debug|iPhone.ActiveCfg = Debug|Any CPU
		{FC9B1176-C82E-43C1-A92E-ECE89D5F844A}.Debug|iPhone.Build.0 = Debug|Any CPU
		{FC9B1176-C82E-43C1-A92E-ECE89D5F844A}.Debug|iPhoneSimulator.ActiveCfg = Debug|Any CPU
		{FC9B1176-C82E-43C1-A92E-ECE89D5F844A}.Debug|iPhoneSimulator.Build.0 = Debug|Any CPU
		{FC9B1176-C82E-43C1-A92E-ECE89D5F844A}.Debug|x64.ActiveCfg = Debug|Any CPU
		{FC9B1176-C82E-43C1-A92E-ECE89D5F844A}.Debug|x64.Build.0 = Debug|Any CPU
		{FC9B1176-C82E-43C1-A92E-ECE89D5F844A}.Debug|x86.ActiveCfg = Debug|Any CPU
		{FC9B1176-C82E-43C1-A92E-ECE89D5F844A}.Debug|x86.Build.0 = Debug|Any CPU
		{FC9B1176-C82E-43C1-A92E-ECE89D5F844A}.Release|Any CPU.ActiveCfg = Release|Any CPU
		{FC9B1176-C82E-43C1-A92E-ECE89D5F844A}.Release|Any CPU.Build.0 = Release|Any CPU
		{FC9B1176-C82E-43C1-A92E-ECE89D5F844A}.Release|ARM.ActiveCfg = Release|Any CPU
		{FC9B1176-C82E-43C1-A92E-ECE89D5F844A}.Release|ARM.Build.0 = Release|Any CPU
		{FC9B1176-C82E-43C1-A92E-ECE89D5F844A}.Release|iPhone.ActiveCfg = Release|Any CPU
		{FC9B1176-C82E-43C1-A92E-ECE89D5F844A}.Release|iPhone.Build.0 = Release|Any CPU
		{FC9B1176-C82E-43C1-A92E-ECE89D5F844A}.Release|iPhoneSimulator.ActiveCfg = Release|Any CPU
		{FC9B1176-C82E-43C1-A92E-ECE89D5F844A}.Release|iPhoneSimulator.Build.0 = Release|Any CPU
		{FC9B1176-C82E-43C1-A92E-ECE89D5F844A}.Release|x64.ActiveCfg = Release|Any CPU
		{FC9B1176-C82E-43C1-A92E-ECE89D5F844A}.Release|x64.Build.0 = Release|Any CPU
		{FC9B1176-C82E-43C1-A92E-ECE89D5F844A}.Release|x86.ActiveCfg = Release|Any CPU
		{FC9B1176-C82E-43C1-A92E-ECE89D5F844A}.Release|x86.Build.0 = Release|Any CPU
		{E7CE1F0D-09E4-4795-BFC0-4A7F1AC2B2E9}.Debug|Any CPU.ActiveCfg = Debug|Any CPU
		{E7CE1F0D-09E4-4795-BFC0-4A7F1AC2B2E9}.Debug|Any CPU.Build.0 = Debug|Any CPU
		{E7CE1F0D-09E4-4795-BFC0-4A7F1AC2B2E9}.Debug|ARM.ActiveCfg = Debug|Any CPU
		{E7CE1F0D-09E4-4795-BFC0-4A7F1AC2B2E9}.Debug|ARM.Build.0 = Debug|Any CPU
		{E7CE1F0D-09E4-4795-BFC0-4A7F1AC2B2E9}.Debug|iPhone.ActiveCfg = Debug|Any CPU
		{E7CE1F0D-09E4-4795-BFC0-4A7F1AC2B2E9}.Debug|iPhone.Build.0 = Debug|Any CPU
		{E7CE1F0D-09E4-4795-BFC0-4A7F1AC2B2E9}.Debug|iPhoneSimulator.ActiveCfg = Debug|Any CPU
		{E7CE1F0D-09E4-4795-BFC0-4A7F1AC2B2E9}.Debug|iPhoneSimulator.Build.0 = Debug|Any CPU
		{E7CE1F0D-09E4-4795-BFC0-4A7F1AC2B2E9}.Debug|x64.ActiveCfg = Debug|Any CPU
		{E7CE1F0D-09E4-4795-BFC0-4A7F1AC2B2E9}.Debug|x64.Build.0 = Debug|Any CPU
		{E7CE1F0D-09E4-4795-BFC0-4A7F1AC2B2E9}.Debug|x86.ActiveCfg = Debug|Any CPU
		{E7CE1F0D-09E4-4795-BFC0-4A7F1AC2B2E9}.Debug|x86.Build.0 = Debug|Any CPU
		{E7CE1F0D-09E4-4795-BFC0-4A7F1AC2B2E9}.Release|Any CPU.ActiveCfg = Release|Any CPU
		{E7CE1F0D-09E4-4795-BFC0-4A7F1AC2B2E9}.Release|Any CPU.Build.0 = Release|Any CPU
		{E7CE1F0D-09E4-4795-BFC0-4A7F1AC2B2E9}.Release|ARM.ActiveCfg = Release|Any CPU
		{E7CE1F0D-09E4-4795-BFC0-4A7F1AC2B2E9}.Release|ARM.Build.0 = Release|Any CPU
		{E7CE1F0D-09E4-4795-BFC0-4A7F1AC2B2E9}.Release|iPhone.ActiveCfg = Release|Any CPU
		{E7CE1F0D-09E4-4795-BFC0-4A7F1AC2B2E9}.Release|iPhone.Build.0 = Release|Any CPU
		{E7CE1F0D-09E4-4795-BFC0-4A7F1AC2B2E9}.Release|iPhoneSimulator.ActiveCfg = Release|Any CPU
		{E7CE1F0D-09E4-4795-BFC0-4A7F1AC2B2E9}.Release|iPhoneSimulator.Build.0 = Release|Any CPU
		{E7CE1F0D-09E4-4795-BFC0-4A7F1AC2B2E9}.Release|x64.ActiveCfg = Release|Any CPU
		{E7CE1F0D-09E4-4795-BFC0-4A7F1AC2B2E9}.Release|x64.Build.0 = Release|Any CPU
		{E7CE1F0D-09E4-4795-BFC0-4A7F1AC2B2E9}.Release|x86.ActiveCfg = Release|Any CPU
		{E7CE1F0D-09E4-4795-BFC0-4A7F1AC2B2E9}.Release|x86.Build.0 = Release|Any CPU
		{6BBF222C-D106-49DB-83BF-278D05A76AA5}.Debug|Any CPU.ActiveCfg = Debug|Any CPU
		{6BBF222C-D106-49DB-83BF-278D05A76AA5}.Debug|Any CPU.Build.0 = Debug|Any CPU
		{6BBF222C-D106-49DB-83BF-278D05A76AA5}.Debug|ARM.ActiveCfg = Debug|Any CPU
		{6BBF222C-D106-49DB-83BF-278D05A76AA5}.Debug|ARM.Build.0 = Debug|Any CPU
		{6BBF222C-D106-49DB-83BF-278D05A76AA5}.Debug|iPhone.ActiveCfg = Debug|Any CPU
		{6BBF222C-D106-49DB-83BF-278D05A76AA5}.Debug|iPhone.Build.0 = Debug|Any CPU
		{6BBF222C-D106-49DB-83BF-278D05A76AA5}.Debug|iPhoneSimulator.ActiveCfg = Debug|Any CPU
		{6BBF222C-D106-49DB-83BF-278D05A76AA5}.Debug|iPhoneSimulator.Build.0 = Debug|Any CPU
		{6BBF222C-D106-49DB-83BF-278D05A76AA5}.Debug|x64.ActiveCfg = Debug|Any CPU
		{6BBF222C-D106-49DB-83BF-278D05A76AA5}.Debug|x64.Build.0 = Debug|Any CPU
		{6BBF222C-D106-49DB-83BF-278D05A76AA5}.Debug|x86.ActiveCfg = Debug|Any CPU
		{6BBF222C-D106-49DB-83BF-278D05A76AA5}.Debug|x86.Build.0 = Debug|Any CPU
		{6BBF222C-D106-49DB-83BF-278D05A76AA5}.Release|Any CPU.ActiveCfg = Release|Any CPU
		{6BBF222C-D106-49DB-83BF-278D05A76AA5}.Release|Any CPU.Build.0 = Release|Any CPU
		{6BBF222C-D106-49DB-83BF-278D05A76AA5}.Release|ARM.ActiveCfg = Release|Any CPU
		{6BBF222C-D106-49DB-83BF-278D05A76AA5}.Release|ARM.Build.0 = Release|Any CPU
		{6BBF222C-D106-49DB-83BF-278D05A76AA5}.Release|iPhone.ActiveCfg = Release|Any CPU
		{6BBF222C-D106-49DB-83BF-278D05A76AA5}.Release|iPhone.Build.0 = Release|Any CPU
		{6BBF222C-D106-49DB-83BF-278D05A76AA5}.Release|iPhoneSimulator.ActiveCfg = Release|Any CPU
		{6BBF222C-D106-49DB-83BF-278D05A76AA5}.Release|iPhoneSimulator.Build.0 = Release|Any CPU
		{6BBF222C-D106-49DB-83BF-278D05A76AA5}.Release|x64.ActiveCfg = Release|Any CPU
		{6BBF222C-D106-49DB-83BF-278D05A76AA5}.Release|x64.Build.0 = Release|Any CPU
		{6BBF222C-D106-49DB-83BF-278D05A76AA5}.Release|x86.ActiveCfg = Release|Any CPU
		{6BBF222C-D106-49DB-83BF-278D05A76AA5}.Release|x86.Build.0 = Release|Any CPU
		{3C2A8CB6-FDB9-4D45-85D5-8FDCCBA45DBD}.Debug|Any CPU.ActiveCfg = Debug|Any CPU
		{3C2A8CB6-FDB9-4D45-85D5-8FDCCBA45DBD}.Debug|Any CPU.Build.0 = Debug|Any CPU
		{3C2A8CB6-FDB9-4D45-85D5-8FDCCBA45DBD}.Debug|ARM.ActiveCfg = Debug|Any CPU
		{3C2A8CB6-FDB9-4D45-85D5-8FDCCBA45DBD}.Debug|ARM.Build.0 = Debug|Any CPU
		{3C2A8CB6-FDB9-4D45-85D5-8FDCCBA45DBD}.Debug|iPhone.ActiveCfg = Debug|Any CPU
		{3C2A8CB6-FDB9-4D45-85D5-8FDCCBA45DBD}.Debug|iPhone.Build.0 = Debug|Any CPU
		{3C2A8CB6-FDB9-4D45-85D5-8FDCCBA45DBD}.Debug|iPhoneSimulator.ActiveCfg = Debug|Any CPU
		{3C2A8CB6-FDB9-4D45-85D5-8FDCCBA45DBD}.Debug|iPhoneSimulator.Build.0 = Debug|Any CPU
		{3C2A8CB6-FDB9-4D45-85D5-8FDCCBA45DBD}.Debug|x64.ActiveCfg = Debug|Any CPU
		{3C2A8CB6-FDB9-4D45-85D5-8FDCCBA45DBD}.Debug|x64.Build.0 = Debug|Any CPU
		{3C2A8CB6-FDB9-4D45-85D5-8FDCCBA45DBD}.Debug|x86.ActiveCfg = Debug|Any CPU
		{3C2A8CB6-FDB9-4D45-85D5-8FDCCBA45DBD}.Debug|x86.Build.0 = Debug|Any CPU
		{3C2A8CB6-FDB9-4D45-85D5-8FDCCBA45DBD}.Release|Any CPU.ActiveCfg = Release|Any CPU
		{3C2A8CB6-FDB9-4D45-85D5-8FDCCBA45DBD}.Release|Any CPU.Build.0 = Release|Any CPU
		{3C2A8CB6-FDB9-4D45-85D5-8FDCCBA45DBD}.Release|ARM.ActiveCfg = Release|Any CPU
		{3C2A8CB6-FDB9-4D45-85D5-8FDCCBA45DBD}.Release|ARM.Build.0 = Release|Any CPU
		{3C2A8CB6-FDB9-4D45-85D5-8FDCCBA45DBD}.Release|iPhone.ActiveCfg = Release|Any CPU
		{3C2A8CB6-FDB9-4D45-85D5-8FDCCBA45DBD}.Release|iPhone.Build.0 = Release|Any CPU
		{3C2A8CB6-FDB9-4D45-85D5-8FDCCBA45DBD}.Release|iPhoneSimulator.ActiveCfg = Release|Any CPU
		{3C2A8CB6-FDB9-4D45-85D5-8FDCCBA45DBD}.Release|iPhoneSimulator.Build.0 = Release|Any CPU
		{3C2A8CB6-FDB9-4D45-85D5-8FDCCBA45DBD}.Release|x64.ActiveCfg = Release|Any CPU
		{3C2A8CB6-FDB9-4D45-85D5-8FDCCBA45DBD}.Release|x64.Build.0 = Release|Any CPU
		{3C2A8CB6-FDB9-4D45-85D5-8FDCCBA45DBD}.Release|x86.ActiveCfg = Release|Any CPU
		{3C2A8CB6-FDB9-4D45-85D5-8FDCCBA45DBD}.Release|x86.Build.0 = Release|Any CPU
	EndGlobalSection
	GlobalSection(SolutionProperties) = preSolution
		HideSolutionNode = FALSE
	EndGlobalSection
	GlobalSection(NestedProjects) = preSolution
		{ADFE3F69-3EB0-4FE2-A7BC-93C968C86CA3} = {BFA9ACC6-14B3-4D92-960B-7C8625ED465D}
		{9733D601-5F74-4D77-8A4A-069DD76A14A6} = {D90411BC-1D2D-41A6-B80A-5FC142D4308E}
		{FBCAECEE-7F82-4A8D-8EA8-418C721AB1E3} = {BFA9ACC6-14B3-4D92-960B-7C8625ED465D}
		{0F19B060-E17E-47A5-BDEC-25985F30C3A2} = {5F551B50-E9C4-4D5C-AEC3-30EAB134C9F0}
		{A71B0E3B-1D38-4A39-84A0-6F84C4ADA36E} = {FAA34A94-2821-4AC0-8611-904A76242922}
		{39A9CAF9-AEDD-4BDC-B8C3-E9BF48BCB1A4} = {F3D561D2-90F3-41DA-93F8-5F8D97D684A0}
		{F655FF99-D34D-4876-81C6-4D84E27A8BB3} = {81E0C376-6424-4E66-A5D5-46372C187C07}
		{F6A02FC3-BFD3-4EE3-8C81-D3818D657B45} = {4FDB4173-0E95-4E08-8A71-F875668C5C20}
		{178C784D-BB57-4864-BF8B-47625B9F88D7} = {3E0609DA-AB94-45F8-BBB7-CD97945370B6}
		{478262D2-A64D-4863-83E1-1DAC0E98DB25} = {FAA34A94-2821-4AC0-8611-904A76242922}
		{5652AF28-E6EF-4718-A9AC-2946D41DC1B1} = {D32E20F4-553E-46A3-BE93-08CC1592830B}
		{AB10DDB7-BF3D-40FB-B3A2-215848EBB96F} = {0F1EB41A-506E-45D6-9EED-DA1A8988895E}
		{1DC24594-A0EC-4470-A188-CEEFCF2CF9AB} = {0F1EB41A-506E-45D6-9EED-DA1A8988895E}
		{88CF938D-5F19-4556-ACEE-0948FC2745FA} = {56A8ECF3-DF76-45CD-AA2C-C5E2B87B257E}
		{02222C6E-C0CF-4DB2-B027-4533B791FE21} = {93AB699D-F092-4EBF-9C22-4B79596A9B7B}
		{2E53620C-62C3-4496-86CA-A506E424D86C} = {93AB699D-F092-4EBF-9C22-4B79596A9B7B}
		{FB0F4CEE-A0B5-44D7-ACB6-1CA25B3F9B31} = {93AB699D-F092-4EBF-9C22-4B79596A9B7B}
		{9977E7C7-231C-4E59-949E-70EA7C08CF01} = {93AB699D-F092-4EBF-9C22-4B79596A9B7B}
		{FDB152A8-4216-41EA-BA45-8C51B47FC5FF} = {02222C6E-C0CF-4DB2-B027-4533B791FE21}
		{1B92772B-BCB1-466C-AC47-A73D34DB9010} = {2E53620C-62C3-4496-86CA-A506E424D86C}
		{B03766E3-BCE4-4DC9-AEB2-CBA3DA79BD09} = {FB0F4CEE-A0B5-44D7-ACB6-1CA25B3F9B31}
		{27622FFA-919A-4A92-90F5-7430A8F20AE2} = {FB0F4CEE-A0B5-44D7-ACB6-1CA25B3F9B31}
		{6AA49611-8C4F-4D06-9AA6-4D554FC332AD} = {FB0F4CEE-A0B5-44D7-ACB6-1CA25B3F9B31}
		{EFC21368-40E7-4536-8143-D8F4F4FEF4C8} = {FB0F4CEE-A0B5-44D7-ACB6-1CA25B3F9B31}
		{FC9B1176-C82E-43C1-A92E-ECE89D5F844A} = {9977E7C7-231C-4E59-949E-70EA7C08CF01}
		{96280A66-B9CA-4224-B4AE-B7169F0216A0} = {93AB699D-F092-4EBF-9C22-4B79596A9B7B}
		{E7CE1F0D-09E4-4795-BFC0-4A7F1AC2B2E9} = {96280A66-B9CA-4224-B4AE-B7169F0216A0}
		{6BBF222C-D106-49DB-83BF-278D05A76AA5} = {FB0F4CEE-A0B5-44D7-ACB6-1CA25B3F9B31}
		{3C2A8CB6-FDB9-4D45-85D5-8FDCCBA45DBD} = {FB0F4CEE-A0B5-44D7-ACB6-1CA25B3F9B31}
	EndGlobalSection
	GlobalSection(ExtensibilityGlobals) = postSolution
		SolutionGuid = {949A4088-5486-4A6A-95EE-BE36B513948A}
	EndGlobalSection
EndGlobal
